// !$*UTF8*$!
{
	archiveVersion = 1;
	classes = {
	};
	objectVersion = 50;
	objects = {

/* Begin PBXBuildFile section */
		F7446239EE8F72D4184F87E3 /* Pods_SteamFunClient.framework in Frameworks */ = {isa = PBXBuildFile; fileRef = 134D99C8AADD702C65F91FC3 /* Pods_SteamFunClient.framework */; };
		F801AEEA238FC16100C391D8 /* Shadow.swift in Sources */ = {isa = PBXBuildFile; fileRef = F801AEE9238FC16100C391D8 /* Shadow.swift */; };
		F801AEEC238FC24700C391D8 /* UIView+Shadow.swift in Sources */ = {isa = PBXBuildFile; fileRef = F801AEEB238FC24700C391D8 /* UIView+Shadow.swift */; };
		F801AEEF238FD0AB00C391D8 /* FriendsListViewController.swift in Sources */ = {isa = PBXBuildFile; fileRef = F801AEEE238FD0AB00C391D8 /* FriendsListViewController.swift */; };
		F801AF0C238FD5FA00C391D8 /* GradientView.swift in Sources */ = {isa = PBXBuildFile; fileRef = F801AF0B238FD5FA00C391D8 /* GradientView.swift */; };
		F801AF0F238FD65300C391D8 /* Gradient.swift in Sources */ = {isa = PBXBuildFile; fileRef = F801AF0E238FD65300C391D8 /* Gradient.swift */; };
		F801AF14238FDFF800C391D8 /* ThemeDependent.swift in Sources */ = {isa = PBXBuildFile; fileRef = F801AF13238FDFF800C391D8 /* ThemeDependent.swift */; };
		F801AF16238FE1DD00C391D8 /* FeatureColor.swift in Sources */ = {isa = PBXBuildFile; fileRef = F801AF15238FE1DD00C391D8 /* FeatureColor.swift */; };
		F801AF18238FEEDA00C391D8 /* Shadow+Palette.swift in Sources */ = {isa = PBXBuildFile; fileRef = F801AF17238FEEDA00C391D8 /* Shadow+Palette.swift */; };
		F801AF6B238FF40A00C391D8 /* FriendsListCell.swift in Sources */ = {isa = PBXBuildFile; fileRef = F801AF6A238FF40A00C391D8 /* FriendsListCell.swift */; };
		F801AF6E238FFA5600C391D8 /* FriendsViewController.swift in Sources */ = {isa = PBXBuildFile; fileRef = F801AF6D238FFA5600C391D8 /* FriendsViewController.swift */; };
		F801AF70238FFD2D00C391D8 /* FriendsPresenter.swift in Sources */ = {isa = PBXBuildFile; fileRef = F801AF6F238FFD2D00C391D8 /* FriendsPresenter.swift */; };
		F801AF72239001CD00C391D8 /* FriendsModuleBuilder.swift in Sources */ = {isa = PBXBuildFile; fileRef = F801AF71239001CD00C391D8 /* FriendsModuleBuilder.swift */; };
		F801AFAB23900BF700C391D8 /* FriendsViewInterface.swift in Sources */ = {isa = PBXBuildFile; fileRef = F801AFAA23900BF700C391D8 /* FriendsViewInterface.swift */; };
		F803A5072391BD7B00784B88 /* Dota2Team.swift in Sources */ = {isa = PBXBuildFile; fileRef = F803A5062391BD7B00784B88 /* Dota2Team.swift */; };
		F8152A62238AC15C009F937F /* AppDelegate.swift in Sources */ = {isa = PBXBuildFile; fileRef = F8152A61238AC15C009F937F /* AppDelegate.swift */; };
		F8152A6B238AC15D009F937F /* Assets.xcassets in Resources */ = {isa = PBXBuildFile; fileRef = F8152A6A238AC15D009F937F /* Assets.xcassets */; };
		F8152A6E238AC15D009F937F /* LaunchScreen.storyboard in Resources */ = {isa = PBXBuildFile; fileRef = F8152A6C238AC15D009F937F /* LaunchScreen.storyboard */; };
		F8152A77238AC197009F937F /* SteamAuthViewController.swift in Sources */ = {isa = PBXBuildFile; fileRef = F8152A76238AC197009F937F /* SteamAuthViewController.swift */; };
		F8152A79238AD459009F937F /* SteamAuthPresenter.swift in Sources */ = {isa = PBXBuildFile; fileRef = F8152A78238AD459009F937F /* SteamAuthPresenter.swift */; };
		F8152A97238AD790009F937F /* Monads.swift in Sources */ = {isa = PBXBuildFile; fileRef = F8152A96238AD790009F937F /* Monads.swift */; };
		F8152A99238AD8B1009F937F /* Array+Extensions.swift in Sources */ = {isa = PBXBuildFile; fileRef = F8152A98238AD8B1009F937F /* Array+Extensions.swift */; };
		F8152A9B238ADA6C009F937F /* SteamAuthModuleBuilder.swift in Sources */ = {isa = PBXBuildFile; fileRef = F8152A9A238ADA6C009F937F /* SteamAuthModuleBuilder.swift */; };
		F8152A9E238AE7EE009F937F /* ProfileViewController.swift in Sources */ = {isa = PBXBuildFile; fileRef = F8152A9D238AE7EE009F937F /* ProfileViewController.swift */; };
		F8152AA0238AEC23009F937F /* Steam.swift in Sources */ = {isa = PBXBuildFile; fileRef = F8152A9F238AEC23009F937F /* Steam.swift */; };
		F8152AA3238AF1B2009F937F /* SteamUser.swift in Sources */ = {isa = PBXBuildFile; fileRef = F8152AA2238AF1B2009F937F /* SteamUser.swift */; };
		F8152AA5238AF505009F937F /* ProfilePresenter.swift in Sources */ = {isa = PBXBuildFile; fileRef = F8152AA4238AF505009F937F /* ProfilePresenter.swift */; };
		F8152AA7238AF518009F937F /* ProfileModuleBuilder.swift in Sources */ = {isa = PBXBuildFile; fileRef = F8152AA6238AF518009F937F /* ProfileModuleBuilder.swift */; };
		F8152AA9238AF833009F937F /* Result+Extensions.swift in Sources */ = {isa = PBXBuildFile; fileRef = F8152AA8238AF833009F937F /* Result+Extensions.swift */; };
		F8152AAB238B174B009F937F /* AppLauncher.swift in Sources */ = {isa = PBXBuildFile; fileRef = F8152AAA238B174B009F937F /* AppLauncher.swift */; };
		F831C212238EE818004A284D /* TabbarViewController.swift in Sources */ = {isa = PBXBuildFile; fileRef = F831C211238EE818004A284D /* TabbarViewController.swift */; };
		F831C214238EEB65004A284D /* UIScrollView+Extensions.swift in Sources */ = {isa = PBXBuildFile; fileRef = F831C213238EEB65004A284D /* UIScrollView+Extensions.swift */; };
		F835B081238C3B81002460C4 /* UIColor+Palette.swift in Sources */ = {isa = PBXBuildFile; fileRef = F835B080238C3B81002460C4 /* UIColor+Palette.swift */; };
		F835B085238C3C36002460C4 /* UIColor+Initializers.swift in Sources */ = {isa = PBXBuildFile; fileRef = F835B084238C3C36002460C4 /* UIColor+Initializers.swift */; };
		F835B0A3238C4185002460C4 /* UILabel+Initializers.swift in Sources */ = {isa = PBXBuildFile; fileRef = F835B0A2238C4185002460C4 /* UILabel+Initializers.swift */; };
		F835B0A6238C4209002460C4 /* UIFont+Palette.swift in Sources */ = {isa = PBXBuildFile; fileRef = F835B0A5238C4209002460C4 /* UIFont+Palette.swift */; };
		F835B0A9238C4434002460C4 /* ExpandableNavbar+HeaderContentViews.swift in Sources */ = {isa = PBXBuildFile; fileRef = F835B0A8238C4434002460C4 /* ExpandableNavbar+HeaderContentViews.swift */; };
		F847226D238DDCF700ECA269 /* TouchThroughView.swift in Sources */ = {isa = PBXBuildFile; fileRef = F847226C238DDCF700ECA269 /* TouchThroughView.swift */; };
		F84923FF238DC5C200FCDE07 /* ProfileActionButton.swift in Sources */ = {isa = PBXBuildFile; fileRef = F84923FE238DC5C200FCDE07 /* ProfileActionButton.swift */; };
		F8492402238DCED900FCDE07 /* String+Plurals.swift in Sources */ = {isa = PBXBuildFile; fileRef = F8492401238DCED900FCDE07 /* String+Plurals.swift */; };
		F84EA7822397E58900ACEFDC /* Dota2MatchesPersistentStorage.swift in Sources */ = {isa = PBXBuildFile; fileRef = F84EA7812397E58900ACEFDC /* Dota2MatchesPersistentStorage.swift */; };
		F854F4A3238B236E00E757C9 /* Steam.Endpoint.swift in Sources */ = {isa = PBXBuildFile; fileRef = F854F4A2238B236E00E757C9 /* Steam.Endpoint.swift */; };
		F854F4A5238B238F00E757C9 /* Steam+PublicMethods.swift in Sources */ = {isa = PBXBuildFile; fileRef = F854F4A4238B238F00E757C9 /* Steam+PublicMethods.swift */; };
		F854F4A7238B23A400E757C9 /* Steam.SteamIDCaretaker.swift in Sources */ = {isa = PBXBuildFile; fileRef = F854F4A6238B23A400E757C9 /* Steam.SteamIDCaretaker.swift */; };
		F854F4AC238B273E00E757C9 /* Button.swift in Sources */ = {isa = PBXBuildFile; fileRef = F854F4AB238B273E00E757C9 /* Button.swift */; };
		F854F4AF238B2AC700E757C9 /* GamesTableViewController.swift in Sources */ = {isa = PBXBuildFile; fileRef = F854F4AE238B2AC700E757C9 /* GamesTableViewController.swift */; };
		F854F4B1238B2F3600E757C9 /* Game.swift in Sources */ = {isa = PBXBuildFile; fileRef = F854F4B0238B2F3600E757C9 /* Game.swift */; };
		F854F4B3238B308500E757C9 /* String+Extensions.swift in Sources */ = {isa = PBXBuildFile; fileRef = F854F4B2238B308500E757C9 /* String+Extensions.swift */; };
		F854F5AB238C1DE900E757C9 /* CustomNavbarSnappingBehavior.swift in Sources */ = {isa = PBXBuildFile; fileRef = F854F5AA238C1DE900E757C9 /* CustomNavbarSnappingBehavior.swift */; };
		F854F5AD238C1E0D00E757C9 /* CustomNavbarScrollViewInsetsBehavior.swift in Sources */ = {isa = PBXBuildFile; fileRef = F854F5AC238C1E0D00E757C9 /* CustomNavbarScrollViewInsetsBehavior.swift */; };
		F854F5AF238C1E6400E757C9 /* ExpandableNavbar.swift in Sources */ = {isa = PBXBuildFile; fileRef = F854F5AE238C1E6400E757C9 /* ExpandableNavbar.swift */; };
		F854F5B2238C227B00E757C9 /* BlurView.swift in Sources */ = {isa = PBXBuildFile; fileRef = F854F5B1238C227B00E757C9 /* BlurView.swift */; };
		F854F5B4238C274D00E757C9 /* ExpandableNavbarHeaderView.swift in Sources */ = {isa = PBXBuildFile; fileRef = F854F5B3238C274D00E757C9 /* ExpandableNavbarHeaderView.swift */; };
		F854F5B6238C27D700E757C9 /* ExpandableNavbar.ContentView.swift in Sources */ = {isa = PBXBuildFile; fileRef = F854F5B5238C27D700E757C9 /* ExpandableNavbar.ContentView.swift */; };
		F854F5B8238C281200E757C9 /* UIApplication+Extensions.swift in Sources */ = {isa = PBXBuildFile; fileRef = F854F5B7238C281200E757C9 /* UIApplication+Extensions.swift */; };
		F854F5BA238C29CA00E757C9 /* SnapKit+Extensions.swift in Sources */ = {isa = PBXBuildFile; fileRef = F854F5B9238C29CA00E757C9 /* SnapKit+Extensions.swift */; };
		F854F5BE238C320900E757C9 /* ProfileNavbarContentView.swift in Sources */ = {isa = PBXBuildFile; fileRef = F854F5BD238C320900E757C9 /* ProfileNavbarContentView.swift */; };
		F85B24CD2399556A00B20D7B /* GameAchievement.swift in Sources */ = {isa = PBXBuildFile; fileRef = F85B24CC2399556A00B20D7B /* GameAchievement.swift */; };
		F85B24CF2399791400B20D7B /* GameAchievementsPresenter.swift in Sources */ = {isa = PBXBuildFile; fileRef = F85B24CE2399791400B20D7B /* GameAchievementsPresenter.swift */; };
		F85B24D2239979F400B20D7B /* GameAchievementsViewInterface.swift in Sources */ = {isa = PBXBuildFile; fileRef = F85B24D1239979F400B20D7B /* GameAchievementsViewInterface.swift */; };
		F85B24D423997A5600B20D7B /* GameAchievementsViewController.swift in Sources */ = {isa = PBXBuildFile; fileRef = F85B24D323997A5600B20D7B /* GameAchievementsViewController.swift */; };
		F85B24D823997B9300B20D7B /* GameAchievementsModuleBuilder.swift in Sources */ = {isa = PBXBuildFile; fileRef = F85B24D723997B9300B20D7B /* GameAchievementsModuleBuilder.swift */; };
		F85ED26C2397F66600FA6DFA /* Dota2MatchHistoryViewController.swift in Sources */ = {isa = PBXBuildFile; fileRef = F85ED26B2397F66600FA6DFA /* Dota2MatchHistoryViewController.swift */; };
		F85ED26E239801A000FA6DFA /* ImageWithSubtextView.swift in Sources */ = {isa = PBXBuildFile; fileRef = F85ED26D239801A000FA6DFA /* ImageWithSubtextView.swift */; };
		F85ED270239801D200FA6DFA /* Dota2MatchCell.swift in Sources */ = {isa = PBXBuildFile; fileRef = F85ED26F239801D200FA6DFA /* Dota2MatchCell.swift */; };
		F85ED2752398030700FA6DFA /* Dota2ViewInterface.swift in Sources */ = {isa = PBXBuildFile; fileRef = F85ED2742398030700FA6DFA /* Dota2ViewInterface.swift */; };
		F85F9CF1239B12E6002E9902 /* InteractionDependableNavigationController.swift in Sources */ = {isa = PBXBuildFile; fileRef = F85F9CF0239B12E6002E9902 /* InteractionDependableNavigationController.swift */; };
		F85F9CF4239B1CCC002E9902 /* RoundingFunctions.swift in Sources */ = {isa = PBXBuildFile; fileRef = F85F9CF3239B1CCC002E9902 /* RoundingFunctions.swift */; };
		F85F9CF6239BC740002E9902 /* CGPoint+Extensions.swift in Sources */ = {isa = PBXBuildFile; fileRef = F85F9CF5239BC740002E9902 /* CGPoint+Extensions.swift */; };
		F85F9CF8239BD808002E9902 /* PlotValueAxisView.swift in Sources */ = {isa = PBXBuildFile; fileRef = F85F9CF7239BD808002E9902 /* PlotValueAxisView.swift */; };
		F85F9CFA239BDDD9002E9902 /* RoundedView.swift in Sources */ = {isa = PBXBuildFile; fileRef = F85F9CF9239BDDD9002E9902 /* RoundedView.swift */; };
		F85F9CFC239BE81D002E9902 /* View.xib in Resources */ = {isa = PBXBuildFile; fileRef = F85F9CFB239BE81D002E9902 /* View.xib */; };
		F860F1582390268A00E9430B /* ArrowView.swift in Sources */ = {isa = PBXBuildFile; fileRef = F860F1572390268A00E9430B /* ArrowView.swift */; };
		F8650F72239071860033818A /* Log.swift in Sources */ = {isa = PBXBuildFile; fileRef = F8650F71239071860033818A /* Log.swift */; };
		F8650F752391B4D40033818A /* PlayerMatchHistory.swift in Sources */ = {isa = PBXBuildFile; fileRef = F8650F742391B4D40033818A /* PlayerMatchHistory.swift */; };
		F8650F772391B94F0033818A /* MatchDetails.swift in Sources */ = {isa = PBXBuildFile; fileRef = F8650F762391B94F0033818A /* MatchDetails.swift */; };
		F8664033239403540087D4BA /* ExpandableNavbar.Config.swift in Sources */ = {isa = PBXBuildFile; fileRef = F8664032239403540087D4BA /* ExpandableNavbar.Config.swift */; };
		F8664035239404FB0087D4BA /* TabbarConfigurator.swift in Sources */ = {isa = PBXBuildFile; fileRef = F8664034239404FB0087D4BA /* TabbarConfigurator.swift */; };
		F866403823943D460087D4BA /* Dota2ViewController.swift in Sources */ = {isa = PBXBuildFile; fileRef = F866403723943D460087D4BA /* Dota2ViewController.swift */; };
		F866403A23943D6B0087D4BA /* Dota2Presenter.swift in Sources */ = {isa = PBXBuildFile; fileRef = F866403923943D6B0087D4BA /* Dota2Presenter.swift */; };
		F866403C23943D760087D4BA /* Dota2ModuleBuilder.swift in Sources */ = {isa = PBXBuildFile; fileRef = F866403B23943D760087D4BA /* Dota2ModuleBuilder.swift */; };
		F866404223943F150087D4BA /* Dota2ShortStatsViewController.swift in Sources */ = {isa = PBXBuildFile; fileRef = F866404123943F150087D4BA /* Dota2ShortStatsViewController.swift */; };
		F8664044239441060087D4BA /* UIView+Initializers.swift in Sources */ = {isa = PBXBuildFile; fileRef = F8664043239441060087D4BA /* UIView+Initializers.swift */; };
		F8664046239445090087D4BA /* Dota2ShortStatView.swift in Sources */ = {isa = PBXBuildFile; fileRef = F8664045239445090087D4BA /* Dota2ShortStatView.swift */; };
		F8664064239446B90087D4BA /* UnicodeStrings.swift in Sources */ = {isa = PBXBuildFile; fileRef = F8664063239446B90087D4BA /* UnicodeStrings.swift */; };
		F86640A923958D1C0087D4BA /* Dota2Hero.swift in Sources */ = {isa = PBXBuildFile; fileRef = F86640A823958D1C0087D4BA /* Dota2Hero.swift */; };
		F86640AC2395A38E0087D4BA /* Dota2HeroResourceManager.swift in Sources */ = {isa = PBXBuildFile; fileRef = F86640AB2395A38E0087D4BA /* Dota2HeroResourceManager.swift */; };
		F86640AE2395B2CA0087D4BA /* Dota2MatchesRequestManager.swift in Sources */ = {isa = PBXBuildFile; fileRef = F86640AD2395B2CA0087D4BA /* Dota2MatchesRequestManager.swift */; };
		F866411E2397CA430087D4BA /* Dota2MatchHistoryPagedLoader.swift in Sources */ = {isa = PBXBuildFile; fileRef = F866411D2397CA430087D4BA /* Dota2MatchHistoryPagedLoader.swift */; };
		F86641202397CA5A0087D4BA /* Dota2MatchDetailsLoader.swift in Sources */ = {isa = PBXBuildFile; fileRef = F866411F2397CA5A0087D4BA /* Dota2MatchDetailsLoader.swift */; };
		F86641232397CDB20087D4BA /* RealmDota2Player.swift in Sources */ = {isa = PBXBuildFile; fileRef = F86641222397CDB20087D4BA /* RealmDota2Player.swift */; };
		F86641262397CDD10087D4BA /* RealmDota2MatchDetails.swift in Sources */ = {isa = PBXBuildFile; fileRef = F86641252397CDD10087D4BA /* RealmDota2MatchDetails.swift */; };
		F86641282397CDE90087D4BA /* RealmDota2UserMatches.swift in Sources */ = {isa = PBXBuildFile; fileRef = F86641272397CDE90087D4BA /* RealmDota2UserMatches.swift */; };
		F866412A2397CE380087D4BA /* Dota2UserMatches.swift in Sources */ = {isa = PBXBuildFile; fileRef = F86641292397CE380087D4BA /* Dota2UserMatches.swift */; };
		F867B08C239286F100BA9235 /* Dota2ProfileCell.swift in Sources */ = {isa = PBXBuildFile; fileRef = F867B08B239286F100BA9235 /* Dota2ProfileCell.swift */; };
		F86CAE692399C52400B2710E /* GameAchievementsHeaderView.swift in Sources */ = {isa = PBXBuildFile; fileRef = F86CAE682399C52400B2710E /* GameAchievementsHeaderView.swift */; };
		F86CAE6B2399C78400B2710E /* GameAchievementCell.swift in Sources */ = {isa = PBXBuildFile; fileRef = F86CAE6A2399C78400B2710E /* GameAchievementCell.swift */; };
		F86CAE6E239A4C0900B2710E /* ArrowedLabel.swift in Sources */ = {isa = PBXBuildFile; fileRef = F86CAE6D239A4C0900B2710E /* ArrowedLabel.swift */; };
		F86CAE71239A500A00B2710E /* Dota2StatsViewController.swift in Sources */ = {isa = PBXBuildFile; fileRef = F86CAE70239A500A00B2710E /* Dota2StatsViewController.swift */; };
		F86CAE73239A501300B2710E /* Dota2StatsViewInterface.swift in Sources */ = {isa = PBXBuildFile; fileRef = F86CAE72239A501300B2710E /* Dota2StatsViewInterface.swift */; };
		F86CAE75239A501B00B2710E /* Dota2StatsPresenter.swift in Sources */ = {isa = PBXBuildFile; fileRef = F86CAE74239A501B00B2710E /* Dota2StatsPresenter.swift */; };
		F86CAE77239A502500B2710E /* Dota2StatsModuleBuilder.swift in Sources */ = {isa = PBXBuildFile; fileRef = F86CAE76239A502500B2710E /* Dota2StatsModuleBuilder.swift */; };
		F86CAE7D239A6A5500B2710E /* PlotCanvas.swift in Sources */ = {isa = PBXBuildFile; fileRef = F86CAE7C239A6A5500B2710E /* PlotCanvas.swift */; };
		F86CAE7F239A6CDB00B2710E /* PlotPoint.swift in Sources */ = {isa = PBXBuildFile; fileRef = F86CAE7E239A6CDB00B2710E /* PlotPoint.swift */; };
		F86CAE81239A6CFA00B2710E /* PlotDataBuilder.swift in Sources */ = {isa = PBXBuildFile; fileRef = F86CAE80239A6CFA00B2710E /* PlotDataBuilder.swift */; };
		F86F1249239AD6AC00361553 /* Dota2StatsTopHeroesViewController.swift in Sources */ = {isa = PBXBuildFile; fileRef = F86F1248239AD6AC00361553 /* Dota2StatsTopHeroesViewController.swift */; };
		F86F1795239AF1FE00E9579D /* HistogramColumnCell.swift in Sources */ = {isa = PBXBuildFile; fileRef = F86F1794239AF1FE00E9579D /* HistogramColumnCell.swift */; };
		F86F1797239AF21B00E9579D /* Histogram.swift in Sources */ = {isa = PBXBuildFile; fileRef = F86F1796239AF21B00E9579D /* Histogram.swift */; };
		F86FB9D3238C5CE700A62E86 /* OwnedGameCell.swift in Sources */ = {isa = PBXBuildFile; fileRef = F86FB9D2238C5CE700A62E86 /* OwnedGameCell.swift */; };
		F86FB9D5238C6D2700A62E86 /* UIImageView+Initializers.swift in Sources */ = {isa = PBXBuildFile; fileRef = F86FB9D4238C6D2700A62E86 /* UIImageView+Initializers.swift */; };
		F86FB9D7238C740200A62E86 /* OwnedGamesHeaderCell.swift in Sources */ = {isa = PBXBuildFile; fileRef = F86FB9D6238C740200A62E86 /* OwnedGamesHeaderCell.swift */; };
		F86FB9D9238C7F8400A62E86 /* Friend.swift in Sources */ = {isa = PBXBuildFile; fileRef = F86FB9D8238C7F8400A62E86 /* Friend.swift */; };
		F86FB9DB238C858B00A62E86 /* OwnedGame.Minutes+Format.swift in Sources */ = {isa = PBXBuildFile; fileRef = F86FB9DA238C858A00A62E86 /* OwnedGame.Minutes+Format.swift */; };
		F8819E722399810F00FE2EEB /* GlobalAchievementPercentages.swift in Sources */ = {isa = PBXBuildFile; fileRef = F8819E712399810F00FE2EEB /* GlobalAchievementPercentages.swift */; };
		F881E86F238E80380076376D /* PlayerGameAchievements.swift in Sources */ = {isa = PBXBuildFile; fileRef = F881E86E238E80380076376D /* PlayerGameAchievements.swift */; };
		F88F7FE12393C098000F3E20 /* RecentActivityViewController.swift in Sources */ = {isa = PBXBuildFile; fileRef = F88F7FE02393C098000F3E20 /* RecentActivityViewController.swift */; };
		F88F7FE52393CCE8000F3E20 /* RecentActivityPresenter.swift in Sources */ = {isa = PBXBuildFile; fileRef = F88F7FE42393CCE8000F3E20 /* RecentActivityPresenter.swift */; };
		F88F7FE82393D07F000F3E20 /* RecentActivityViewInterface.swift in Sources */ = {isa = PBXBuildFile; fileRef = F88F7FE72393D07F000F3E20 /* RecentActivityViewInterface.swift */; };
		F88F7FEA2393E8B4000F3E20 /* RecentActivityModuleBuilder.swift in Sources */ = {isa = PBXBuildFile; fileRef = F88F7FE92393E8B4000F3E20 /* RecentActivityModuleBuilder.swift */; };
		F88F7FEC2393EBCF000F3E20 /* RecentActivityGameCell.swift in Sources */ = {isa = PBXBuildFile; fileRef = F88F7FEB2393EBCF000F3E20 /* RecentActivityGameCell.swift */; };
		F88F7FEE2393F5B5000F3E20 /* UIViewController+Extensions.swift in Sources */ = {isa = PBXBuildFile; fileRef = F88F7FED2393F5B5000F3E20 /* UIViewController+Extensions.swift */; };
		F89C8DC0239AA5B000FC0DE9 /* Plot.swift in Sources */ = {isa = PBXBuildFile; fileRef = F89C8DBF239AA5B000FC0DE9 /* Plot.swift */; };
		F89C8DC2239AA5DE00FC0DE9 /* PlotTimestampAxisView.swift in Sources */ = {isa = PBXBuildFile; fileRef = F89C8DC1239AA5DE00FC0DE9 /* PlotTimestampAxisView.swift */; };
		F8C2363223981AEB00C48301 /* DebugConstants.swift in Sources */ = {isa = PBXBuildFile; fileRef = F8C2363123981AEB00C48301 /* DebugConstants.swift */; };
		F8C23634239832B500C48301 /* Dota2MatchHistoryHeaderView.swift in Sources */ = {isa = PBXBuildFile; fileRef = F8C23633239832B500C48301 /* Dota2MatchHistoryHeaderView.swift */; };
		F8C23636239837CC00C48301 /* UIEdgeInsets+Initializers.swift in Sources */ = {isa = PBXBuildFile; fileRef = F8C23635239837CC00C48301 /* UIEdgeInsets+Initializers.swift */; };
		F8C23638239859E800C48301 /* UIColor+Extensions.swift in Sources */ = {isa = PBXBuildFile; fileRef = F8C23637239859E800C48301 /* UIColor+Extensions.swift */; };
		F8C2363B2399273B00C48301 /* GameSchema.swift in Sources */ = {isa = PBXBuildFile; fileRef = F8C2363A2399273B00C48301 /* GameSchema.swift */; };
		F8D17419238ED67800C47C87 /* ProfileDataLoader.swift in Sources */ = {isa = PBXBuildFile; fileRef = F8D17418238ED67800C47C87 /* ProfileDataLoader.swift */; };
		F8D1741B238EDA9B00C47C87 /* ProfileViewInterface.swift in Sources */ = {isa = PBXBuildFile; fileRef = F8D1741A238EDA9B00C47C87 /* ProfileViewInterface.swift */; };
		F8D1741D238EDE5E00C47C87 /* ThrobberViewController.swift in Sources */ = {isa = PBXBuildFile; fileRef = F8D1741C238EDE5E00C47C87 /* ThrobberViewController.swift */; };
/* End PBXBuildFile section */

/* Begin PBXFileReference section */
		134D99C8AADD702C65F91FC3 /* Pods_SteamFunClient.framework */ = {isa = PBXFileReference; explicitFileType = wrapper.framework; includeInIndex = 0; path = Pods_SteamFunClient.framework; sourceTree = BUILT_PRODUCTS_DIR; };
		71EBB1AEDFB1B6208A619811 /* Pods-SteamFunClient.debug.xcconfig */ = {isa = PBXFileReference; includeInIndex = 1; lastKnownFileType = text.xcconfig; name = "Pods-SteamFunClient.debug.xcconfig"; path = "Pods/Target Support Files/Pods-SteamFunClient/Pods-SteamFunClient.debug.xcconfig"; sourceTree = "<group>"; };
		E72D857A079DAE47304C28CE /* Pods-SteamFunClient.release.xcconfig */ = {isa = PBXFileReference; includeInIndex = 1; lastKnownFileType = text.xcconfig; name = "Pods-SteamFunClient.release.xcconfig"; path = "Pods/Target Support Files/Pods-SteamFunClient/Pods-SteamFunClient.release.xcconfig"; sourceTree = "<group>"; };
		F801AEE9238FC16100C391D8 /* Shadow.swift */ = {isa = PBXFileReference; lastKnownFileType = sourcecode.swift; path = Shadow.swift; sourceTree = "<group>"; };
		F801AEEB238FC24700C391D8 /* UIView+Shadow.swift */ = {isa = PBXFileReference; lastKnownFileType = sourcecode.swift; path = "UIView+Shadow.swift"; sourceTree = "<group>"; };
		F801AEEE238FD0AB00C391D8 /* FriendsListViewController.swift */ = {isa = PBXFileReference; lastKnownFileType = sourcecode.swift; path = FriendsListViewController.swift; sourceTree = "<group>"; };
		F801AF0B238FD5FA00C391D8 /* GradientView.swift */ = {isa = PBXFileReference; lastKnownFileType = sourcecode.swift; path = GradientView.swift; sourceTree = "<group>"; };
		F801AF0E238FD65300C391D8 /* Gradient.swift */ = {isa = PBXFileReference; lastKnownFileType = sourcecode.swift; path = Gradient.swift; sourceTree = "<group>"; };
		F801AF13238FDFF800C391D8 /* ThemeDependent.swift */ = {isa = PBXFileReference; lastKnownFileType = sourcecode.swift; path = ThemeDependent.swift; sourceTree = "<group>"; };
		F801AF15238FE1DD00C391D8 /* FeatureColor.swift */ = {isa = PBXFileReference; lastKnownFileType = sourcecode.swift; path = FeatureColor.swift; sourceTree = "<group>"; };
		F801AF17238FEEDA00C391D8 /* Shadow+Palette.swift */ = {isa = PBXFileReference; lastKnownFileType = sourcecode.swift; path = "Shadow+Palette.swift"; sourceTree = "<group>"; };
		F801AF6A238FF40A00C391D8 /* FriendsListCell.swift */ = {isa = PBXFileReference; lastKnownFileType = sourcecode.swift; path = FriendsListCell.swift; sourceTree = "<group>"; };
		F801AF6D238FFA5600C391D8 /* FriendsViewController.swift */ = {isa = PBXFileReference; lastKnownFileType = sourcecode.swift; path = FriendsViewController.swift; sourceTree = "<group>"; };
		F801AF6F238FFD2D00C391D8 /* FriendsPresenter.swift */ = {isa = PBXFileReference; lastKnownFileType = sourcecode.swift; path = FriendsPresenter.swift; sourceTree = "<group>"; };
		F801AF71239001CD00C391D8 /* FriendsModuleBuilder.swift */ = {isa = PBXFileReference; lastKnownFileType = sourcecode.swift; path = FriendsModuleBuilder.swift; sourceTree = "<group>"; };
		F801AFAA23900BF700C391D8 /* FriendsViewInterface.swift */ = {isa = PBXFileReference; lastKnownFileType = sourcecode.swift; path = FriendsViewInterface.swift; sourceTree = "<group>"; };
		F803A5062391BD7B00784B88 /* Dota2Team.swift */ = {isa = PBXFileReference; lastKnownFileType = sourcecode.swift; path = Dota2Team.swift; sourceTree = "<group>"; };
		F8152A5E238AC15C009F937F /* SteamFunClient.app */ = {isa = PBXFileReference; explicitFileType = wrapper.application; includeInIndex = 0; path = SteamFunClient.app; sourceTree = BUILT_PRODUCTS_DIR; };
		F8152A61238AC15C009F937F /* AppDelegate.swift */ = {isa = PBXFileReference; lastKnownFileType = sourcecode.swift; path = AppDelegate.swift; sourceTree = "<group>"; };
		F8152A6A238AC15D009F937F /* Assets.xcassets */ = {isa = PBXFileReference; lastKnownFileType = folder.assetcatalog; path = Assets.xcassets; sourceTree = "<group>"; };
		F8152A6D238AC15D009F937F /* Base */ = {isa = PBXFileReference; lastKnownFileType = file.storyboard; name = Base; path = Base.lproj/LaunchScreen.storyboard; sourceTree = "<group>"; };
		F8152A6F238AC15D009F937F /* Info.plist */ = {isa = PBXFileReference; lastKnownFileType = text.plist.xml; path = Info.plist; sourceTree = "<group>"; };
		F8152A76238AC197009F937F /* SteamAuthViewController.swift */ = {isa = PBXFileReference; lastKnownFileType = sourcecode.swift; path = SteamAuthViewController.swift; sourceTree = "<group>"; };
		F8152A78238AD459009F937F /* SteamAuthPresenter.swift */ = {isa = PBXFileReference; lastKnownFileType = sourcecode.swift; path = SteamAuthPresenter.swift; sourceTree = "<group>"; };
		F8152A96238AD790009F937F /* Monads.swift */ = {isa = PBXFileReference; lastKnownFileType = sourcecode.swift; path = Monads.swift; sourceTree = "<group>"; };
		F8152A98238AD8B1009F937F /* Array+Extensions.swift */ = {isa = PBXFileReference; lastKnownFileType = sourcecode.swift; path = "Array+Extensions.swift"; sourceTree = "<group>"; };
		F8152A9A238ADA6C009F937F /* SteamAuthModuleBuilder.swift */ = {isa = PBXFileReference; lastKnownFileType = sourcecode.swift; path = SteamAuthModuleBuilder.swift; sourceTree = "<group>"; };
		F8152A9D238AE7EE009F937F /* ProfileViewController.swift */ = {isa = PBXFileReference; lastKnownFileType = sourcecode.swift; path = ProfileViewController.swift; sourceTree = "<group>"; };
		F8152A9F238AEC23009F937F /* Steam.swift */ = {isa = PBXFileReference; lastKnownFileType = sourcecode.swift; path = Steam.swift; sourceTree = "<group>"; };
		F8152AA2238AF1B2009F937F /* SteamUser.swift */ = {isa = PBXFileReference; lastKnownFileType = sourcecode.swift; path = SteamUser.swift; sourceTree = "<group>"; };
		F8152AA4238AF505009F937F /* ProfilePresenter.swift */ = {isa = PBXFileReference; lastKnownFileType = sourcecode.swift; path = ProfilePresenter.swift; sourceTree = "<group>"; };
		F8152AA6238AF518009F937F /* ProfileModuleBuilder.swift */ = {isa = PBXFileReference; lastKnownFileType = sourcecode.swift; path = ProfileModuleBuilder.swift; sourceTree = "<group>"; };
		F8152AA8238AF833009F937F /* Result+Extensions.swift */ = {isa = PBXFileReference; lastKnownFileType = sourcecode.swift; path = "Result+Extensions.swift"; sourceTree = "<group>"; };
		F8152AAA238B174B009F937F /* AppLauncher.swift */ = {isa = PBXFileReference; lastKnownFileType = sourcecode.swift; path = AppLauncher.swift; sourceTree = "<group>"; };
		F831C211238EE818004A284D /* TabbarViewController.swift */ = {isa = PBXFileReference; lastKnownFileType = sourcecode.swift; path = TabbarViewController.swift; sourceTree = "<group>"; };
		F831C213238EEB65004A284D /* UIScrollView+Extensions.swift */ = {isa = PBXFileReference; lastKnownFileType = sourcecode.swift; path = "UIScrollView+Extensions.swift"; sourceTree = "<group>"; };
		F835B080238C3B81002460C4 /* UIColor+Palette.swift */ = {isa = PBXFileReference; lastKnownFileType = sourcecode.swift; path = "UIColor+Palette.swift"; sourceTree = "<group>"; };
		F835B084238C3C36002460C4 /* UIColor+Initializers.swift */ = {isa = PBXFileReference; lastKnownFileType = sourcecode.swift; path = "UIColor+Initializers.swift"; sourceTree = "<group>"; };
		F835B0A2238C4185002460C4 /* UILabel+Initializers.swift */ = {isa = PBXFileReference; lastKnownFileType = sourcecode.swift; path = "UILabel+Initializers.swift"; sourceTree = "<group>"; };
		F835B0A5238C4209002460C4 /* UIFont+Palette.swift */ = {isa = PBXFileReference; lastKnownFileType = sourcecode.swift; path = "UIFont+Palette.swift"; sourceTree = "<group>"; };
		F835B0A8238C4434002460C4 /* ExpandableNavbar+HeaderContentViews.swift */ = {isa = PBXFileReference; lastKnownFileType = sourcecode.swift; path = "ExpandableNavbar+HeaderContentViews.swift"; sourceTree = "<group>"; };
		F847226C238DDCF700ECA269 /* TouchThroughView.swift */ = {isa = PBXFileReference; lastKnownFileType = sourcecode.swift; path = TouchThroughView.swift; sourceTree = "<group>"; };
		F84923FE238DC5C200FCDE07 /* ProfileActionButton.swift */ = {isa = PBXFileReference; lastKnownFileType = sourcecode.swift; path = ProfileActionButton.swift; sourceTree = "<group>"; };
		F8492401238DCED900FCDE07 /* String+Plurals.swift */ = {isa = PBXFileReference; lastKnownFileType = sourcecode.swift; path = "String+Plurals.swift"; sourceTree = "<group>"; };
		F84EA7812397E58900ACEFDC /* Dota2MatchesPersistentStorage.swift */ = {isa = PBXFileReference; lastKnownFileType = sourcecode.swift; path = Dota2MatchesPersistentStorage.swift; sourceTree = "<group>"; };
		F854F4A2238B236E00E757C9 /* Steam.Endpoint.swift */ = {isa = PBXFileReference; lastKnownFileType = sourcecode.swift; path = Steam.Endpoint.swift; sourceTree = "<group>"; };
		F854F4A4238B238F00E757C9 /* Steam+PublicMethods.swift */ = {isa = PBXFileReference; lastKnownFileType = sourcecode.swift; path = "Steam+PublicMethods.swift"; sourceTree = "<group>"; };
		F854F4A6238B23A400E757C9 /* Steam.SteamIDCaretaker.swift */ = {isa = PBXFileReference; lastKnownFileType = sourcecode.swift; path = Steam.SteamIDCaretaker.swift; sourceTree = "<group>"; };
		F854F4AB238B273E00E757C9 /* Button.swift */ = {isa = PBXFileReference; lastKnownFileType = sourcecode.swift; path = Button.swift; sourceTree = "<group>"; };
		F854F4AE238B2AC700E757C9 /* GamesTableViewController.swift */ = {isa = PBXFileReference; lastKnownFileType = sourcecode.swift; path = GamesTableViewController.swift; sourceTree = "<group>"; };
		F854F4B0238B2F3600E757C9 /* Game.swift */ = {isa = PBXFileReference; lastKnownFileType = sourcecode.swift; path = Game.swift; sourceTree = "<group>"; };
		F854F4B2238B308500E757C9 /* String+Extensions.swift */ = {isa = PBXFileReference; lastKnownFileType = sourcecode.swift; path = "String+Extensions.swift"; sourceTree = "<group>"; };
		F854F5AA238C1DE900E757C9 /* CustomNavbarSnappingBehavior.swift */ = {isa = PBXFileReference; lastKnownFileType = sourcecode.swift; path = CustomNavbarSnappingBehavior.swift; sourceTree = "<group>"; };
		F854F5AC238C1E0D00E757C9 /* CustomNavbarScrollViewInsetsBehavior.swift */ = {isa = PBXFileReference; lastKnownFileType = sourcecode.swift; path = CustomNavbarScrollViewInsetsBehavior.swift; sourceTree = "<group>"; };
		F854F5AE238C1E6400E757C9 /* ExpandableNavbar.swift */ = {isa = PBXFileReference; lastKnownFileType = sourcecode.swift; path = ExpandableNavbar.swift; sourceTree = "<group>"; };
		F854F5B1238C227B00E757C9 /* BlurView.swift */ = {isa = PBXFileReference; lastKnownFileType = sourcecode.swift; path = BlurView.swift; sourceTree = "<group>"; };
		F854F5B3238C274D00E757C9 /* ExpandableNavbarHeaderView.swift */ = {isa = PBXFileReference; lastKnownFileType = sourcecode.swift; path = ExpandableNavbarHeaderView.swift; sourceTree = "<group>"; };
		F854F5B5238C27D700E757C9 /* ExpandableNavbar.ContentView.swift */ = {isa = PBXFileReference; lastKnownFileType = sourcecode.swift; path = ExpandableNavbar.ContentView.swift; sourceTree = "<group>"; };
		F854F5B7238C281200E757C9 /* UIApplication+Extensions.swift */ = {isa = PBXFileReference; lastKnownFileType = sourcecode.swift; path = "UIApplication+Extensions.swift"; sourceTree = "<group>"; };
		F854F5B9238C29CA00E757C9 /* SnapKit+Extensions.swift */ = {isa = PBXFileReference; lastKnownFileType = sourcecode.swift; path = "SnapKit+Extensions.swift"; sourceTree = "<group>"; };
		F854F5BD238C320900E757C9 /* ProfileNavbarContentView.swift */ = {isa = PBXFileReference; lastKnownFileType = sourcecode.swift; path = ProfileNavbarContentView.swift; sourceTree = "<group>"; };
		F85B24CC2399556A00B20D7B /* GameAchievement.swift */ = {isa = PBXFileReference; lastKnownFileType = sourcecode.swift; path = GameAchievement.swift; sourceTree = "<group>"; };
		F85B24CE2399791400B20D7B /* GameAchievementsPresenter.swift */ = {isa = PBXFileReference; lastKnownFileType = sourcecode.swift; path = GameAchievementsPresenter.swift; sourceTree = "<group>"; };
		F85B24D1239979F400B20D7B /* GameAchievementsViewInterface.swift */ = {isa = PBXFileReference; lastKnownFileType = sourcecode.swift; path = GameAchievementsViewInterface.swift; sourceTree = "<group>"; };
		F85B24D323997A5600B20D7B /* GameAchievementsViewController.swift */ = {isa = PBXFileReference; lastKnownFileType = sourcecode.swift; path = GameAchievementsViewController.swift; sourceTree = "<group>"; };
		F85B24D723997B9300B20D7B /* GameAchievementsModuleBuilder.swift */ = {isa = PBXFileReference; lastKnownFileType = sourcecode.swift; path = GameAchievementsModuleBuilder.swift; sourceTree = "<group>"; };
		F85ED26B2397F66600FA6DFA /* Dota2MatchHistoryViewController.swift */ = {isa = PBXFileReference; lastKnownFileType = sourcecode.swift; path = Dota2MatchHistoryViewController.swift; sourceTree = "<group>"; };
		F85ED26D239801A000FA6DFA /* ImageWithSubtextView.swift */ = {isa = PBXFileReference; lastKnownFileType = sourcecode.swift; path = ImageWithSubtextView.swift; sourceTree = "<group>"; };
		F85ED26F239801D200FA6DFA /* Dota2MatchCell.swift */ = {isa = PBXFileReference; lastKnownFileType = sourcecode.swift; path = Dota2MatchCell.swift; sourceTree = "<group>"; };
		F85ED2742398030700FA6DFA /* Dota2ViewInterface.swift */ = {isa = PBXFileReference; lastKnownFileType = sourcecode.swift; path = Dota2ViewInterface.swift; sourceTree = "<group>"; };
		F85F9CF0239B12E6002E9902 /* InteractionDependableNavigationController.swift */ = {isa = PBXFileReference; lastKnownFileType = sourcecode.swift; path = InteractionDependableNavigationController.swift; sourceTree = "<group>"; };
		F85F9CF3239B1CCC002E9902 /* RoundingFunctions.swift */ = {isa = PBXFileReference; lastKnownFileType = sourcecode.swift; path = RoundingFunctions.swift; sourceTree = "<group>"; };
		F85F9CF5239BC740002E9902 /* CGPoint+Extensions.swift */ = {isa = PBXFileReference; lastKnownFileType = sourcecode.swift; path = "CGPoint+Extensions.swift"; sourceTree = "<group>"; };
		F85F9CF7239BD808002E9902 /* PlotValueAxisView.swift */ = {isa = PBXFileReference; lastKnownFileType = sourcecode.swift; path = PlotValueAxisView.swift; sourceTree = "<group>"; };
		F85F9CF9239BDDD9002E9902 /* RoundedView.swift */ = {isa = PBXFileReference; lastKnownFileType = sourcecode.swift; path = RoundedView.swift; sourceTree = "<group>"; };
		F85F9CFB239BE81D002E9902 /* View.xib */ = {isa = PBXFileReference; lastKnownFileType = file.xib; path = View.xib; sourceTree = "<group>"; };
		F860F1572390268A00E9430B /* ArrowView.swift */ = {isa = PBXFileReference; lastKnownFileType = sourcecode.swift; path = ArrowView.swift; sourceTree = "<group>"; };
		F8650F71239071860033818A /* Log.swift */ = {isa = PBXFileReference; lastKnownFileType = sourcecode.swift; path = Log.swift; sourceTree = "<group>"; };
		F8650F742391B4D40033818A /* PlayerMatchHistory.swift */ = {isa = PBXFileReference; lastKnownFileType = sourcecode.swift; path = PlayerMatchHistory.swift; sourceTree = "<group>"; };
		F8650F762391B94F0033818A /* MatchDetails.swift */ = {isa = PBXFileReference; lastKnownFileType = sourcecode.swift; path = MatchDetails.swift; sourceTree = "<group>"; };
		F8664032239403540087D4BA /* ExpandableNavbar.Config.swift */ = {isa = PBXFileReference; lastKnownFileType = sourcecode.swift; path = ExpandableNavbar.Config.swift; sourceTree = "<group>"; };
		F8664034239404FB0087D4BA /* TabbarConfigurator.swift */ = {isa = PBXFileReference; lastKnownFileType = sourcecode.swift; path = TabbarConfigurator.swift; sourceTree = "<group>"; };
		F866403723943D460087D4BA /* Dota2ViewController.swift */ = {isa = PBXFileReference; lastKnownFileType = sourcecode.swift; path = Dota2ViewController.swift; sourceTree = "<group>"; };
		F866403923943D6B0087D4BA /* Dota2Presenter.swift */ = {isa = PBXFileReference; lastKnownFileType = sourcecode.swift; path = Dota2Presenter.swift; sourceTree = "<group>"; };
		F866403B23943D760087D4BA /* Dota2ModuleBuilder.swift */ = {isa = PBXFileReference; lastKnownFileType = sourcecode.swift; path = Dota2ModuleBuilder.swift; sourceTree = "<group>"; };
		F866404123943F150087D4BA /* Dota2ShortStatsViewController.swift */ = {isa = PBXFileReference; lastKnownFileType = sourcecode.swift; path = Dota2ShortStatsViewController.swift; sourceTree = "<group>"; };
		F8664043239441060087D4BA /* UIView+Initializers.swift */ = {isa = PBXFileReference; lastKnownFileType = sourcecode.swift; path = "UIView+Initializers.swift"; sourceTree = "<group>"; };
		F8664045239445090087D4BA /* Dota2ShortStatView.swift */ = {isa = PBXFileReference; lastKnownFileType = sourcecode.swift; path = Dota2ShortStatView.swift; sourceTree = "<group>"; };
		F8664063239446B90087D4BA /* UnicodeStrings.swift */ = {isa = PBXFileReference; lastKnownFileType = sourcecode.swift; path = UnicodeStrings.swift; sourceTree = "<group>"; };
		F86640A823958D1C0087D4BA /* Dota2Hero.swift */ = {isa = PBXFileReference; lastKnownFileType = sourcecode.swift; path = Dota2Hero.swift; sourceTree = "<group>"; };
		F86640AB2395A38E0087D4BA /* Dota2HeroResourceManager.swift */ = {isa = PBXFileReference; lastKnownFileType = sourcecode.swift; path = Dota2HeroResourceManager.swift; sourceTree = "<group>"; };
		F86640AD2395B2CA0087D4BA /* Dota2MatchesRequestManager.swift */ = {isa = PBXFileReference; lastKnownFileType = sourcecode.swift; path = Dota2MatchesRequestManager.swift; sourceTree = "<group>"; };
		F866411D2397CA430087D4BA /* Dota2MatchHistoryPagedLoader.swift */ = {isa = PBXFileReference; lastKnownFileType = sourcecode.swift; path = Dota2MatchHistoryPagedLoader.swift; sourceTree = "<group>"; };
		F866411F2397CA5A0087D4BA /* Dota2MatchDetailsLoader.swift */ = {isa = PBXFileReference; lastKnownFileType = sourcecode.swift; path = Dota2MatchDetailsLoader.swift; sourceTree = "<group>"; };
		F86641222397CDB20087D4BA /* RealmDota2Player.swift */ = {isa = PBXFileReference; lastKnownFileType = sourcecode.swift; path = RealmDota2Player.swift; sourceTree = "<group>"; };
		F86641252397CDD10087D4BA /* RealmDota2MatchDetails.swift */ = {isa = PBXFileReference; lastKnownFileType = sourcecode.swift; path = RealmDota2MatchDetails.swift; sourceTree = "<group>"; };
		F86641272397CDE90087D4BA /* RealmDota2UserMatches.swift */ = {isa = PBXFileReference; lastKnownFileType = sourcecode.swift; path = RealmDota2UserMatches.swift; sourceTree = "<group>"; };
		F86641292397CE380087D4BA /* Dota2UserMatches.swift */ = {isa = PBXFileReference; lastKnownFileType = sourcecode.swift; path = Dota2UserMatches.swift; sourceTree = "<group>"; };
		F867B08B239286F100BA9235 /* Dota2ProfileCell.swift */ = {isa = PBXFileReference; lastKnownFileType = sourcecode.swift; path = Dota2ProfileCell.swift; sourceTree = "<group>"; };
		F86CAE682399C52400B2710E /* GameAchievementsHeaderView.swift */ = {isa = PBXFileReference; lastKnownFileType = sourcecode.swift; path = GameAchievementsHeaderView.swift; sourceTree = "<group>"; };
		F86CAE6A2399C78400B2710E /* GameAchievementCell.swift */ = {isa = PBXFileReference; lastKnownFileType = sourcecode.swift; path = GameAchievementCell.swift; sourceTree = "<group>"; };
		F86CAE6D239A4C0900B2710E /* ArrowedLabel.swift */ = {isa = PBXFileReference; lastKnownFileType = sourcecode.swift; path = ArrowedLabel.swift; sourceTree = "<group>"; };
		F86CAE70239A500A00B2710E /* Dota2StatsViewController.swift */ = {isa = PBXFileReference; lastKnownFileType = sourcecode.swift; path = Dota2StatsViewController.swift; sourceTree = "<group>"; };
		F86CAE72239A501300B2710E /* Dota2StatsViewInterface.swift */ = {isa = PBXFileReference; lastKnownFileType = sourcecode.swift; path = Dota2StatsViewInterface.swift; sourceTree = "<group>"; };
		F86CAE74239A501B00B2710E /* Dota2StatsPresenter.swift */ = {isa = PBXFileReference; lastKnownFileType = sourcecode.swift; path = Dota2StatsPresenter.swift; sourceTree = "<group>"; };
		F86CAE76239A502500B2710E /* Dota2StatsModuleBuilder.swift */ = {isa = PBXFileReference; lastKnownFileType = sourcecode.swift; path = Dota2StatsModuleBuilder.swift; sourceTree = "<group>"; };
		F86CAE7C239A6A5500B2710E /* PlotCanvas.swift */ = {isa = PBXFileReference; lastKnownFileType = sourcecode.swift; path = PlotCanvas.swift; sourceTree = "<group>"; };
		F86CAE7E239A6CDB00B2710E /* PlotPoint.swift */ = {isa = PBXFileReference; lastKnownFileType = sourcecode.swift; path = PlotPoint.swift; sourceTree = "<group>"; };
		F86CAE80239A6CFA00B2710E /* PlotDataBuilder.swift */ = {isa = PBXFileReference; lastKnownFileType = sourcecode.swift; path = PlotDataBuilder.swift; sourceTree = "<group>"; };
		F86F1248239AD6AC00361553 /* Dota2StatsTopHeroesViewController.swift */ = {isa = PBXFileReference; lastKnownFileType = sourcecode.swift; path = Dota2StatsTopHeroesViewController.swift; sourceTree = "<group>"; };
		F86F1794239AF1FE00E9579D /* HistogramColumnCell.swift */ = {isa = PBXFileReference; lastKnownFileType = sourcecode.swift; path = HistogramColumnCell.swift; sourceTree = "<group>"; };
		F86F1796239AF21B00E9579D /* Histogram.swift */ = {isa = PBXFileReference; lastKnownFileType = sourcecode.swift; path = Histogram.swift; sourceTree = "<group>"; };
		F86FB9D2238C5CE700A62E86 /* OwnedGameCell.swift */ = {isa = PBXFileReference; lastKnownFileType = sourcecode.swift; path = OwnedGameCell.swift; sourceTree = "<group>"; };
		F86FB9D4238C6D2700A62E86 /* UIImageView+Initializers.swift */ = {isa = PBXFileReference; lastKnownFileType = sourcecode.swift; path = "UIImageView+Initializers.swift"; sourceTree = "<group>"; };
		F86FB9D6238C740200A62E86 /* OwnedGamesHeaderCell.swift */ = {isa = PBXFileReference; lastKnownFileType = sourcecode.swift; path = OwnedGamesHeaderCell.swift; sourceTree = "<group>"; };
		F86FB9D8238C7F8400A62E86 /* Friend.swift */ = {isa = PBXFileReference; lastKnownFileType = sourcecode.swift; path = Friend.swift; sourceTree = "<group>"; };
		F86FB9DA238C858A00A62E86 /* OwnedGame.Minutes+Format.swift */ = {isa = PBXFileReference; lastKnownFileType = sourcecode.swift; path = "OwnedGame.Minutes+Format.swift"; sourceTree = "<group>"; };
		F8819E712399810F00FE2EEB /* GlobalAchievementPercentages.swift */ = {isa = PBXFileReference; lastKnownFileType = sourcecode.swift; path = GlobalAchievementPercentages.swift; sourceTree = "<group>"; };
		F881E86E238E80380076376D /* PlayerGameAchievements.swift */ = {isa = PBXFileReference; lastKnownFileType = sourcecode.swift; path = PlayerGameAchievements.swift; sourceTree = "<group>"; };
		F88F7FE02393C098000F3E20 /* RecentActivityViewController.swift */ = {isa = PBXFileReference; lastKnownFileType = sourcecode.swift; path = RecentActivityViewController.swift; sourceTree = "<group>"; };
		F88F7FE42393CCE8000F3E20 /* RecentActivityPresenter.swift */ = {isa = PBXFileReference; lastKnownFileType = sourcecode.swift; path = RecentActivityPresenter.swift; sourceTree = "<group>"; };
		F88F7FE72393D07F000F3E20 /* RecentActivityViewInterface.swift */ = {isa = PBXFileReference; lastKnownFileType = sourcecode.swift; path = RecentActivityViewInterface.swift; sourceTree = "<group>"; };
		F88F7FE92393E8B4000F3E20 /* RecentActivityModuleBuilder.swift */ = {isa = PBXFileReference; lastKnownFileType = sourcecode.swift; path = RecentActivityModuleBuilder.swift; sourceTree = "<group>"; };
		F88F7FEB2393EBCF000F3E20 /* RecentActivityGameCell.swift */ = {isa = PBXFileReference; lastKnownFileType = sourcecode.swift; path = RecentActivityGameCell.swift; sourceTree = "<group>"; };
		F88F7FED2393F5B5000F3E20 /* UIViewController+Extensions.swift */ = {isa = PBXFileReference; lastKnownFileType = sourcecode.swift; path = "UIViewController+Extensions.swift"; sourceTree = "<group>"; };
		F89C8DBF239AA5B000FC0DE9 /* Plot.swift */ = {isa = PBXFileReference; lastKnownFileType = sourcecode.swift; path = Plot.swift; sourceTree = "<group>"; };
		F89C8DC1239AA5DE00FC0DE9 /* PlotTimestampAxisView.swift */ = {isa = PBXFileReference; lastKnownFileType = sourcecode.swift; path = PlotTimestampAxisView.swift; sourceTree = "<group>"; };
		F8C2363123981AEB00C48301 /* DebugConstants.swift */ = {isa = PBXFileReference; lastKnownFileType = sourcecode.swift; path = DebugConstants.swift; sourceTree = "<group>"; };
		F8C23633239832B500C48301 /* Dota2MatchHistoryHeaderView.swift */ = {isa = PBXFileReference; lastKnownFileType = sourcecode.swift; path = Dota2MatchHistoryHeaderView.swift; sourceTree = "<group>"; };
		F8C23635239837CC00C48301 /* UIEdgeInsets+Initializers.swift */ = {isa = PBXFileReference; lastKnownFileType = sourcecode.swift; path = "UIEdgeInsets+Initializers.swift"; sourceTree = "<group>"; };
		F8C23637239859E800C48301 /* UIColor+Extensions.swift */ = {isa = PBXFileReference; lastKnownFileType = sourcecode.swift; path = "UIColor+Extensions.swift"; sourceTree = "<group>"; };
		F8C2363A2399273B00C48301 /* GameSchema.swift */ = {isa = PBXFileReference; lastKnownFileType = sourcecode.swift; path = GameSchema.swift; sourceTree = "<group>"; };
		F8D17418238ED67800C47C87 /* ProfileDataLoader.swift */ = {isa = PBXFileReference; lastKnownFileType = sourcecode.swift; path = ProfileDataLoader.swift; sourceTree = "<group>"; };
		F8D1741A238EDA9B00C47C87 /* ProfileViewInterface.swift */ = {isa = PBXFileReference; lastKnownFileType = sourcecode.swift; path = ProfileViewInterface.swift; sourceTree = "<group>"; };
		F8D1741C238EDE5E00C47C87 /* ThrobberViewController.swift */ = {isa = PBXFileReference; lastKnownFileType = sourcecode.swift; path = ThrobberViewController.swift; sourceTree = "<group>"; };
/* End PBXFileReference section */

/* Begin PBXFrameworksBuildPhase section */
		F8152A5B238AC15C009F937F /* Frameworks */ = {
			isa = PBXFrameworksBuildPhase;
			buildActionMask = 2147483647;
			files = (
				F7446239EE8F72D4184F87E3 /* Pods_SteamFunClient.framework in Frameworks */,
			);
			runOnlyForDeploymentPostprocessing = 0;
		};
/* End PBXFrameworksBuildPhase section */

/* Begin PBXGroup section */
		2AA2B8A3F4A70F130AD0C24A /* Frameworks */ = {
			isa = PBXGroup;
			children = (
				134D99C8AADD702C65F91FC3 /* Pods_SteamFunClient.framework */,
			);
			name = Frameworks;
			sourceTree = "<group>";
		};
		BEBA561E3AB2ABDB3388B75A /* Pods */ = {
			isa = PBXGroup;
			children = (
				71EBB1AEDFB1B6208A619811 /* Pods-SteamFunClient.debug.xcconfig */,
				E72D857A079DAE47304C28CE /* Pods-SteamFunClient.release.xcconfig */,
			);
			name = Pods;
			sourceTree = "<group>";
		};
		F801AEE8238FC14100C391D8 /* Entities */ = {
			isa = PBXGroup;
			children = (
				F801AEE9238FC16100C391D8 /* Shadow.swift */,
				F801AF0E238FD65300C391D8 /* Gradient.swift */,
			);
			path = Entities;
			sourceTree = "<group>";
		};
		F801AEED238FD09C00C391D8 /* FriendsFlow */ = {
			isa = PBXGroup;
			children = (
				F801AFA923900BE600C391D8 /* View */,
				F801AFAC23900C0B00C391D8 /* Presenter */,
				F801AFAD23900C1100C391D8 /* Builder */,
			);
			path = FriendsFlow;
			sourceTree = "<group>";
		};
		F801AF10238FDF9600C391D8 /* FeatureColors */ = {
			isa = PBXGroup;
			children = (
				F801AF13238FDFF800C391D8 /* ThemeDependent.swift */,
				F801AF15238FE1DD00C391D8 /* FeatureColor.swift */,
			);
			path = FeatureColors;
			sourceTree = "<group>";
		};
		F801AF6C238FFA4A00C391D8 /* FriendsList */ = {
			isa = PBXGroup;
			children = (
				F801AEEE238FD0AB00C391D8 /* FriendsListViewController.swift */,
				F801AF6A238FF40A00C391D8 /* FriendsListCell.swift */,
			);
			path = FriendsList;
			sourceTree = "<group>";
		};
		F801AFA923900BE600C391D8 /* View */ = {
			isa = PBXGroup;
			children = (
				F801AF6C238FFA4A00C391D8 /* FriendsList */,
				F801AFAA23900BF700C391D8 /* FriendsViewInterface.swift */,
				F801AF6D238FFA5600C391D8 /* FriendsViewController.swift */,
			);
			path = View;
			sourceTree = "<group>";
		};
		F801AFAC23900C0B00C391D8 /* Presenter */ = {
			isa = PBXGroup;
			children = (
				F801AF6F238FFD2D00C391D8 /* FriendsPresenter.swift */,
			);
			path = Presenter;
			sourceTree = "<group>";
		};
		F801AFAD23900C1100C391D8 /* Builder */ = {
			isa = PBXGroup;
			children = (
				F801AF71239001CD00C391D8 /* FriendsModuleBuilder.swift */,
			);
			path = Builder;
			sourceTree = "<group>";
		};
		F8152A55238AC15C009F937F = {
			isa = PBXGroup;
			children = (
				F8152A60238AC15C009F937F /* SteamFunClient */,
				F8152A5F238AC15C009F937F /* Products */,
				BEBA561E3AB2ABDB3388B75A /* Pods */,
				2AA2B8A3F4A70F130AD0C24A /* Frameworks */,
			);
			sourceTree = "<group>";
		};
		F8152A5F238AC15C009F937F /* Products */ = {
			isa = PBXGroup;
			children = (
				F8152A5E238AC15C009F937F /* SteamFunClient.app */,
			);
			name = Products;
			sourceTree = "<group>";
		};
		F8152A60238AC15C009F937F /* SteamFunClient */ = {
			isa = PBXGroup;
			children = (
				F835B082238C3B85002460C4 /* UI */,
				F8152AAD238B1B6C009F937F /* Core */,
				F8152AA1238AF1AA009F937F /* Entities */,
				F854F4EA238BE5C500E757C9 /* Flows */,
				F8152AAE238B1B9C009F937F /* SupportingFiles */,
				F8152A6A238AC15D009F937F /* Assets.xcassets */,
				F8152A6F238AC15D009F937F /* Info.plist */,
				F8C2363123981AEB00C48301 /* DebugConstants.swift */,
			);
			path = SteamFunClient;
			sourceTree = "<group>";
		};
		F8152A75238AC184009F937F /* SteamAuthFlow */ = {
			isa = PBXGroup;
			children = (
				F8152A76238AC197009F937F /* SteamAuthViewController.swift */,
				F8152A78238AD459009F937F /* SteamAuthPresenter.swift */,
				F8152A9A238ADA6C009F937F /* SteamAuthModuleBuilder.swift */,
			);
			path = SteamAuthFlow;
			sourceTree = "<group>";
		};
		F8152A9C238AE7DD009F937F /* ProfileFlow */ = {
			isa = PBXGroup;
			children = (
				F8D17415238ED65D00C47C87 /* View */,
				F8D17416238ED66600C47C87 /* Presenter */,
				F8D17417238ED66B00C47C87 /* Builder */,
			);
			path = ProfileFlow;
			sourceTree = "<group>";
		};
		F8152AA1238AF1AA009F937F /* Entities */ = {
			isa = PBXGroup;
			children = (
				F8650F782391B9530033818A /* Dota2 */,
				F8152AA2238AF1B2009F937F /* SteamUser.swift */,
				F86FB9D8238C7F8400A62E86 /* Friend.swift */,
				F854F4B0238B2F3600E757C9 /* Game.swift */,
				F8C2363A2399273B00C48301 /* GameSchema.swift */,
				F85B24CC2399556A00B20D7B /* GameAchievement.swift */,
				F881E86E238E80380076376D /* PlayerGameAchievements.swift */,
				F8819E712399810F00FE2EEB /* GlobalAchievementPercentages.swift */,
			);
			path = Entities;
			sourceTree = "<group>";
		};
		F8152AAC238B1B5D009F937F /* Extensions */ = {
			isa = PBXGroup;
			children = (
				F8152A98238AD8B1009F937F /* Array+Extensions.swift */,
				F8152AA8238AF833009F937F /* Result+Extensions.swift */,
				F854F4B2238B308500E757C9 /* String+Extensions.swift */,
				F8492401238DCED900FCDE07 /* String+Plurals.swift */,
				F86FB9DA238C858A00A62E86 /* OwnedGame.Minutes+Format.swift */,
				F85F9CF3239B1CCC002E9902 /* RoundingFunctions.swift */,
			);
			path = Extensions;
			sourceTree = "<group>";
		};
		F8152AAD238B1B6C009F937F /* Core */ = {
			isa = PBXGroup;
			children = (
				F854F4A1238B235B00E757C9 /* Steam */,
				F86640AA2395A3630087D4BA /* Dota2 */,
				F854F4A9238B271C00E757C9 /* ApplicationLaunch */,
				F86641212397CD870087D4BA /* RealmDataBase */,
				F8650F70239071790033818A /* Log */,
				F854F4E9238BE5AD00E757C9 /* Operators */,
				F8152AAC238B1B5D009F937F /* Extensions */,
			);
			path = Core;
			sourceTree = "<group>";
		};
		F8152AAE238B1B9C009F937F /* SupportingFiles */ = {
			isa = PBXGroup;
			children = (
				F8152A6C238AC15D009F937F /* LaunchScreen.storyboard */,
			);
			path = SupportingFiles;
			sourceTree = "<group>";
		};
		F831C210238EE804004A284D /* Modules */ = {
			isa = PBXGroup;
			children = (
				F85F9CF2239B142D002E9902 /* NavigationController */,
				F86F1793239AF1EC00E9579D /* Histogram */,
				F854F5A8238C1D9200E757C9 /* ExpandableNavbar */,
				F88F7FF02393F787000F3E20 /* Throbber */,
				F88F7FF12393F78D000F3E20 /* Tabbar */,
			);
			path = Modules;
			sourceTree = "<group>";
		};
		F835B082238C3B85002460C4 /* UI */ = {
			isa = PBXGroup;
			children = (
				F835B0A4238C41FB002460C4 /* Palettes */,
				F801AF10238FDF9600C391D8 /* FeatureColors */,
				F854F4AA238B273600E757C9 /* Views */,
				F831C210238EE804004A284D /* Modules */,
				F801AEE8238FC14100C391D8 /* Entities */,
				F8664062239446AE0087D4BA /* Constants */,
				F835B083238C3B8B002460C4 /* Extensions */,
			);
			path = UI;
			sourceTree = "<group>";
		};
		F835B083238C3B8B002460C4 /* Extensions */ = {
			isa = PBXGroup;
			children = (
				F854F5B7238C281200E757C9 /* UIApplication+Extensions.swift */,
				F854F5B9238C29CA00E757C9 /* SnapKit+Extensions.swift */,
				F835B0A2238C4185002460C4 /* UILabel+Initializers.swift */,
				F835B084238C3C36002460C4 /* UIColor+Initializers.swift */,
				F8C23637239859E800C48301 /* UIColor+Extensions.swift */,
				F8664043239441060087D4BA /* UIView+Initializers.swift */,
				F86FB9D4238C6D2700A62E86 /* UIImageView+Initializers.swift */,
				F831C213238EEB65004A284D /* UIScrollView+Extensions.swift */,
				F801AEEB238FC24700C391D8 /* UIView+Shadow.swift */,
				F88F7FED2393F5B5000F3E20 /* UIViewController+Extensions.swift */,
				F8C23635239837CC00C48301 /* UIEdgeInsets+Initializers.swift */,
				F85F9CF5239BC740002E9902 /* CGPoint+Extensions.swift */,
			);
			path = Extensions;
			sourceTree = "<group>";
		};
		F835B0A4238C41FB002460C4 /* Palettes */ = {
			isa = PBXGroup;
			children = (
				F835B080238C3B81002460C4 /* UIColor+Palette.swift */,
				F835B0A5238C4209002460C4 /* UIFont+Palette.swift */,
				F801AF17238FEEDA00C391D8 /* Shadow+Palette.swift */,
			);
			path = Palettes;
			sourceTree = "<group>";
		};
		F835B0A7238C441C002460C4 /* Views */ = {
			isa = PBXGroup;
			children = (
				F854F5BD238C320900E757C9 /* ProfileNavbarContentView.swift */,
				F84923FE238DC5C200FCDE07 /* ProfileActionButton.swift */,
			);
			path = Views;
			sourceTree = "<group>";
		};
		F847226B238DDCE700ECA269 /* BaseViews */ = {
			isa = PBXGroup;
			children = (
				F847226C238DDCF700ECA269 /* TouchThroughView.swift */,
				F85F9CF9239BDDD9002E9902 /* RoundedView.swift */,
			);
			path = BaseViews;
			sourceTree = "<group>";
		};
		F84EA7802397E57800ACEFDC /* Storages */ = {
			isa = PBXGroup;
			children = (
				F854F4A6238B23A400E757C9 /* Steam.SteamIDCaretaker.swift */,
				F84EA7812397E58900ACEFDC /* Dota2MatchesPersistentStorage.swift */,
			);
			path = Storages;
			sourceTree = "<group>";
		};
		F854F4A1238B235B00E757C9 /* Steam */ = {
			isa = PBXGroup;
			children = (
				F8152A9F238AEC23009F937F /* Steam.swift */,
				F854F4A2238B236E00E757C9 /* Steam.Endpoint.swift */,
				F854F4A4238B238F00E757C9 /* Steam+PublicMethods.swift */,
			);
			path = Steam;
			sourceTree = "<group>";
		};
		F854F4A9238B271C00E757C9 /* ApplicationLaunch */ = {
			isa = PBXGroup;
			children = (
				F8152A61238AC15C009F937F /* AppDelegate.swift */,
				F8152AAA238B174B009F937F /* AppLauncher.swift */,
			);
			path = ApplicationLaunch;
			sourceTree = "<group>";
		};
		F854F4AA238B273600E757C9 /* Views */ = {
			isa = PBXGroup;
			children = (
				F847226B238DDCE700ECA269 /* BaseViews */,
				F86CAE6D239A4C0900B2710E /* ArrowedLabel.swift */,
				F860F1572390268A00E9430B /* ArrowView.swift */,
				F854F5B1238C227B00E757C9 /* BlurView.swift */,
				F854F4AB238B273E00E757C9 /* Button.swift */,
				F801AF0B238FD5FA00C391D8 /* GradientView.swift */,
				F85ED26D239801A000FA6DFA /* ImageWithSubtextView.swift */,
			);
			path = Views;
			sourceTree = "<group>";
		};
		F854F4AD238B2AB700E757C9 /* GamesTable */ = {
			isa = PBXGroup;
			children = (
				F854F4AE238B2AC700E757C9 /* GamesTableViewController.swift */,
				F867B08B239286F100BA9235 /* Dota2ProfileCell.swift */,
				F86FB9D2238C5CE700A62E86 /* OwnedGameCell.swift */,
				F86FB9D6238C740200A62E86 /* OwnedGamesHeaderCell.swift */,
			);
			path = GamesTable;
			sourceTree = "<group>";
		};
		F854F4E9238BE5AD00E757C9 /* Operators */ = {
			isa = PBXGroup;
			children = (
				F8152A96238AD790009F937F /* Monads.swift */,
			);
			path = Operators;
			sourceTree = "<group>";
		};
		F854F4EA238BE5C500E757C9 /* Flows */ = {
			isa = PBXGroup;
			children = (
				F8152A75238AC184009F937F /* SteamAuthFlow */,
				F8152A9C238AE7DD009F937F /* ProfileFlow */,
				F801AEED238FD09C00C391D8 /* FriendsFlow */,
				F88F7FE22393C09B000F3E20 /* RecentActivity */,
				F866403623943D030087D4BA /* Dota2Flow */,
				F86CAE6F239A4FF600B2710E /* Dota2StatsFlow */,
				F8C2363923991D1600C48301 /* GameAchievementsFlow */,
			);
			path = Flows;
			sourceTree = "<group>";
		};
		F854F5A8238C1D9200E757C9 /* ExpandableNavbar */ = {
			isa = PBXGroup;
			children = (
				F88F7FEF2393F779000F3E20 /* ContentViews */,
				F854F5A9238C1DDB00E757C9 /* Internal */,
				F854F5AE238C1E6400E757C9 /* ExpandableNavbar.swift */,
				F8664032239403540087D4BA /* ExpandableNavbar.Config.swift */,
				F854F5B5238C27D700E757C9 /* ExpandableNavbar.ContentView.swift */,
			);
			path = ExpandableNavbar;
			sourceTree = "<group>";
		};
		F854F5A9238C1DDB00E757C9 /* Internal */ = {
			isa = PBXGroup;
			children = (
				F854F5B3238C274D00E757C9 /* ExpandableNavbarHeaderView.swift */,
				F854F5AA238C1DE900E757C9 /* CustomNavbarSnappingBehavior.swift */,
				F854F5AC238C1E0D00E757C9 /* CustomNavbarScrollViewInsetsBehavior.swift */,
			);
			path = Internal;
			sourceTree = "<group>";
		};
		F85B24D0239979DE00B20D7B /* View */ = {
			isa = PBXGroup;
			children = (
				F86CAE6C2399D10400B2710E /* Subviews */,
				F85B24D1239979F400B20D7B /* GameAchievementsViewInterface.swift */,
				F85B24D323997A5600B20D7B /* GameAchievementsViewController.swift */,
			);
			path = View;
			sourceTree = "<group>";
		};
		F85B24D523997B7A00B20D7B /* Presenter */ = {
			isa = PBXGroup;
			children = (
				F85B24CE2399791400B20D7B /* GameAchievementsPresenter.swift */,
			);
			path = Presenter;
			sourceTree = "<group>";
		};
		F85B24D623997B7F00B20D7B /* Builder */ = {
			isa = PBXGroup;
			children = (
				F85B24D723997B9300B20D7B /* GameAchievementsModuleBuilder.swift */,
			);
			path = Builder;
			sourceTree = "<group>";
		};
		F85ED26A2397F4C500FA6DFA /* MatchHistory */ = {
			isa = PBXGroup;
			children = (
				F85ED26B2397F66600FA6DFA /* Dota2MatchHistoryViewController.swift */,
				F85ED26F239801D200FA6DFA /* Dota2MatchCell.swift */,
			);
			path = MatchHistory;
			sourceTree = "<group>";
		};
		F85ED271239802EB00FA6DFA /* View */ = {
			isa = PBXGroup;
			children = (
				F85ED2742398030700FA6DFA /* Dota2ViewInterface.swift */,
				F866403723943D460087D4BA /* Dota2ViewController.swift */,
				F8C23633239832B500C48301 /* Dota2MatchHistoryHeaderView.swift */,
			);
			path = View;
			sourceTree = "<group>";
		};
		F85ED272239802F100FA6DFA /* Presenter */ = {
			isa = PBXGroup;
			children = (
				F866403923943D6B0087D4BA /* Dota2Presenter.swift */,
			);
			path = Presenter;
			sourceTree = "<group>";
		};
		F85ED273239802F500FA6DFA /* Builder */ = {
			isa = PBXGroup;
			children = (
				F866403B23943D760087D4BA /* Dota2ModuleBuilder.swift */,
			);
			path = Builder;
			sourceTree = "<group>";
		};
		F85F9CF2239B142D002E9902 /* NavigationController */ = {
			isa = PBXGroup;
			children = (
				F85F9CF0239B12E6002E9902 /* InteractionDependableNavigationController.swift */,
			);
			path = NavigationController;
			sourceTree = "<group>";
		};
		F8650F70239071790033818A /* Log */ = {
			isa = PBXGroup;
			children = (
				F8650F71239071860033818A /* Log.swift */,
			);
			path = Log;
			sourceTree = "<group>";
		};
		F8650F782391B9530033818A /* Dota2 */ = {
			isa = PBXGroup;
			children = (
				F803A5062391BD7B00784B88 /* Dota2Team.swift */,
				F86640A823958D1C0087D4BA /* Dota2Hero.swift */,
				F86641292397CE380087D4BA /* Dota2UserMatches.swift */,
				F8650F742391B4D40033818A /* PlayerMatchHistory.swift */,
				F8650F762391B94F0033818A /* MatchDetails.swift */,
			);
			path = Dota2;
			sourceTree = "<group>";
		};
		F866403623943D030087D4BA /* Dota2Flow */ = {
			isa = PBXGroup;
			children = (
				F866403F23943EE40087D4BA /* Submodules */,
				F85ED271239802EB00FA6DFA /* View */,
				F85ED272239802F100FA6DFA /* Presenter */,
				F85ED273239802F500FA6DFA /* Builder */,
			);
			path = Dota2Flow;
			sourceTree = "<group>";
		};
		F866403D23943ED00087D4BA /* Presenter */ = {
			isa = PBXGroup;
			children = (
				F88F7FE42393CCE8000F3E20 /* RecentActivityPresenter.swift */,
			);
			path = Presenter;
			sourceTree = "<group>";
		};
		F866403E23943ED90087D4BA /* Builder */ = {
			isa = PBXGroup;
			children = (
				F88F7FE92393E8B4000F3E20 /* RecentActivityModuleBuilder.swift */,
			);
			path = Builder;
			sourceTree = "<group>";
		};
		F866403F23943EE40087D4BA /* Submodules */ = {
			isa = PBXGroup;
			children = (
				F866404023943EF40087D4BA /* ShortStats */,
				F85ED26A2397F4C500FA6DFA /* MatchHistory */,
			);
			path = Submodules;
			sourceTree = "<group>";
		};
		F866404023943EF40087D4BA /* ShortStats */ = {
			isa = PBXGroup;
			children = (
				F866404123943F150087D4BA /* Dota2ShortStatsViewController.swift */,
				F8664045239445090087D4BA /* Dota2ShortStatView.swift */,
			);
			path = ShortStats;
			sourceTree = "<group>";
		};
		F8664062239446AE0087D4BA /* Constants */ = {
			isa = PBXGroup;
			children = (
				F8664063239446B90087D4BA /* UnicodeStrings.swift */,
			);
			path = Constants;
			sourceTree = "<group>";
		};
		F86640AA2395A3630087D4BA /* Dota2 */ = {
			isa = PBXGroup;
			children = (
				F866411C2397C9EB0087D4BA /* Heroes */,
				F866411B2397C9E50087D4BA /* Matches */,
			);
			path = Dota2;
			sourceTree = "<group>";
		};
		F866411B2397C9E50087D4BA /* Matches */ = {
			isa = PBXGroup;
			children = (
				F86640AD2395B2CA0087D4BA /* Dota2MatchesRequestManager.swift */,
				F866411F2397CA5A0087D4BA /* Dota2MatchDetailsLoader.swift */,
				F866411D2397CA430087D4BA /* Dota2MatchHistoryPagedLoader.swift */,
			);
			path = Matches;
			sourceTree = "<group>";
		};
		F866411C2397C9EB0087D4BA /* Heroes */ = {
			isa = PBXGroup;
			children = (
				F86640AB2395A38E0087D4BA /* Dota2HeroResourceManager.swift */,
			);
			path = Heroes;
			sourceTree = "<group>";
		};
		F86641212397CD870087D4BA /* RealmDataBase */ = {
			isa = PBXGroup;
			children = (
				F84EA7802397E57800ACEFDC /* Storages */,
				F86641242397CDC40087D4BA /* Entities */,
			);
			path = RealmDataBase;
			sourceTree = "<group>";
		};
		F86641242397CDC40087D4BA /* Entities */ = {
			isa = PBXGroup;
			children = (
				F86641222397CDB20087D4BA /* RealmDota2Player.swift */,
				F86641252397CDD10087D4BA /* RealmDota2MatchDetails.swift */,
				F86641272397CDE90087D4BA /* RealmDota2UserMatches.swift */,
			);
			path = Entities;
			sourceTree = "<group>";
		};
		F86CAE6C2399D10400B2710E /* Subviews */ = {
			isa = PBXGroup;
			children = (
				F86CAE682399C52400B2710E /* GameAchievementsHeaderView.swift */,
				F86CAE6A2399C78400B2710E /* GameAchievementCell.swift */,
			);
			path = Subviews;
			sourceTree = "<group>";
		};
		F86CAE6F239A4FF600B2710E /* Dota2StatsFlow */ = {
			isa = PBXGroup;
			children = (
				F86F1246239AD67A00361553 /* Submodules */,
				F86CAE78239A510A00B2710E /* View */,
				F86CAE79239A510E00B2710E /* Presenter */,
				F86CAE7A239A511300B2710E /* Builder */,
			);
			path = Dota2StatsFlow;
			sourceTree = "<group>";
		};
		F86CAE78239A510A00B2710E /* View */ = {
			isa = PBXGroup;
			children = (
				F86CAE72239A501300B2710E /* Dota2StatsViewInterface.swift */,
				F86CAE70239A500A00B2710E /* Dota2StatsViewController.swift */,
			);
			path = View;
			sourceTree = "<group>";
		};
		F86CAE79239A510E00B2710E /* Presenter */ = {
			isa = PBXGroup;
			children = (
				F86CAE74239A501B00B2710E /* Dota2StatsPresenter.swift */,
				F86CAE80239A6CFA00B2710E /* PlotDataBuilder.swift */,
			);
			path = Presenter;
			sourceTree = "<group>";
		};
		F86CAE7A239A511300B2710E /* Builder */ = {
			isa = PBXGroup;
			children = (
				F86CAE76239A502500B2710E /* Dota2StatsModuleBuilder.swift */,
			);
			path = Builder;
			sourceTree = "<group>";
		};
		F86CAE7B239A6A4900B2710E /* Plot */ = {
			isa = PBXGroup;
			children = (
				F89C8DBF239AA5B000FC0DE9 /* Plot.swift */,
				F86CAE7C239A6A5500B2710E /* PlotCanvas.swift */,
				F85F9CF7239BD808002E9902 /* PlotValueAxisView.swift */,
				F85F9CFB239BE81D002E9902 /* View.xib */,
				F89C8DC1239AA5DE00FC0DE9 /* PlotTimestampAxisView.swift */,
				F86CAE7E239A6CDB00B2710E /* PlotPoint.swift */,
			);
			path = Plot;
			sourceTree = "<group>";
		};
		F86F1246239AD67A00361553 /* Submodules */ = {
			isa = PBXGroup;
			children = (
				F86F1247239AD68600361553 /* TopHeroes */,
				F86CAE7B239A6A4900B2710E /* Plot */,
			);
			path = Submodules;
			sourceTree = "<group>";
		};
		F86F1247239AD68600361553 /* TopHeroes */ = {
			isa = PBXGroup;
			children = (
				F86F1248239AD6AC00361553 /* Dota2StatsTopHeroesViewController.swift */,
			);
			path = TopHeroes;
			sourceTree = "<group>";
		};
		F86F1793239AF1EC00E9579D /* Histogram */ = {
			isa = PBXGroup;
			children = (
				F86F1796239AF21B00E9579D /* Histogram.swift */,
				F86F1794239AF1FE00E9579D /* HistogramColumnCell.swift */,
			);
			path = Histogram;
			sourceTree = "<group>";
		};
		F88F7FE22393C09B000F3E20 /* RecentActivity */ = {
			isa = PBXGroup;
			children = (
				F88F7FE62393D072000F3E20 /* View */,
				F866403D23943ED00087D4BA /* Presenter */,
				F866403E23943ED90087D4BA /* Builder */,
			);
			path = RecentActivity;
			sourceTree = "<group>";
		};
		F88F7FE62393D072000F3E20 /* View */ = {
			isa = PBXGroup;
			children = (
				F88F7FE72393D07F000F3E20 /* RecentActivityViewInterface.swift */,
				F88F7FE02393C098000F3E20 /* RecentActivityViewController.swift */,
				F88F7FEB2393EBCF000F3E20 /* RecentActivityGameCell.swift */,
			);
			path = View;
			sourceTree = "<group>";
		};
		F88F7FEF2393F779000F3E20 /* ContentViews */ = {
			isa = PBXGroup;
			children = (
				F835B0A8238C4434002460C4 /* ExpandableNavbar+HeaderContentViews.swift */,
			);
			path = ContentViews;
			sourceTree = "<group>";
		};
		F88F7FF02393F787000F3E20 /* Throbber */ = {
			isa = PBXGroup;
			children = (
				F8D1741C238EDE5E00C47C87 /* ThrobberViewController.swift */,
			);
			path = Throbber;
			sourceTree = "<group>";
		};
		F88F7FF12393F78D000F3E20 /* Tabbar */ = {
			isa = PBXGroup;
			children = (
				F831C211238EE818004A284D /* TabbarViewController.swift */,
				F8664034239404FB0087D4BA /* TabbarConfigurator.swift */,
			);
			path = Tabbar;
			sourceTree = "<group>";
		};
		F8C2363923991D1600C48301 /* GameAchievementsFlow */ = {
			isa = PBXGroup;
			children = (
				F85B24D0239979DE00B20D7B /* View */,
				F85B24D523997B7A00B20D7B /* Presenter */,
				F85B24D623997B7F00B20D7B /* Builder */,
			);
			path = GameAchievementsFlow;
			sourceTree = "<group>";
		};
		F8D17415238ED65D00C47C87 /* View */ = {
			isa = PBXGroup;
			children = (
				F835B0A7238C441C002460C4 /* Views */,
				F854F4AD238B2AB700E757C9 /* GamesTable */,
				F8D1741A238EDA9B00C47C87 /* ProfileViewInterface.swift */,
				F8152A9D238AE7EE009F937F /* ProfileViewController.swift */,
			);
			path = View;
			sourceTree = "<group>";
		};
		F8D17416238ED66600C47C87 /* Presenter */ = {
			isa = PBXGroup;
			children = (
				F8152AA4238AF505009F937F /* ProfilePresenter.swift */,
				F8D17418238ED67800C47C87 /* ProfileDataLoader.swift */,
			);
			path = Presenter;
			sourceTree = "<group>";
		};
		F8D17417238ED66B00C47C87 /* Builder */ = {
			isa = PBXGroup;
			children = (
				F8152AA6238AF518009F937F /* ProfileModuleBuilder.swift */,
			);
			path = Builder;
			sourceTree = "<group>";
		};
/* End PBXGroup section */

/* Begin PBXNativeTarget section */
		F8152A5D238AC15C009F937F /* SteamFunClient */ = {
			isa = PBXNativeTarget;
			buildConfigurationList = F8152A72238AC15E009F937F /* Build configuration list for PBXNativeTarget "SteamFunClient" */;
			buildPhases = (
				2F18C405595191488F66FDFC /* [CP] Check Pods Manifest.lock */,
				F8152A5A238AC15C009F937F /* Sources */,
				F8152A5B238AC15C009F937F /* Frameworks */,
				F8152A5C238AC15C009F937F /* Resources */,
				AB91302611143638C05C2D74 /* [CP] Embed Pods Frameworks */,
			);
			buildRules = (
			);
			dependencies = (
			);
			name = SteamFunClient;
			productName = SteamFunClient;
			productReference = F8152A5E238AC15C009F937F /* SteamFunClient.app */;
			productType = "com.apple.product-type.application";
		};
/* End PBXNativeTarget section */

/* Begin PBXProject section */
		F8152A56238AC15C009F937F /* Project object */ = {
			isa = PBXProject;
			attributes = {
				LastSwiftUpdateCheck = 1120;
				LastUpgradeCheck = 1120;
				ORGANIZATIONNAME = plasmon;
				TargetAttributes = {
					F8152A5D238AC15C009F937F = {
						CreatedOnToolsVersion = 11.2.1;
					};
				};
			};
			buildConfigurationList = F8152A59238AC15C009F937F /* Build configuration list for PBXProject "SteamFunClient" */;
			compatibilityVersion = "Xcode 9.3";
			developmentRegion = en;
			hasScannedForEncodings = 0;
			knownRegions = (
				en,
				Base,
			);
			mainGroup = F8152A55238AC15C009F937F;
			productRefGroup = F8152A5F238AC15C009F937F /* Products */;
			projectDirPath = "";
			projectRoot = "";
			targets = (
				F8152A5D238AC15C009F937F /* SteamFunClient */,
			);
		};
/* End PBXProject section */

/* Begin PBXResourcesBuildPhase section */
		F8152A5C238AC15C009F937F /* Resources */ = {
			isa = PBXResourcesBuildPhase;
			buildActionMask = 2147483647;
			files = (
				F8152A6E238AC15D009F937F /* LaunchScreen.storyboard in Resources */,
				F85F9CFC239BE81D002E9902 /* View.xib in Resources */,
				F8152A6B238AC15D009F937F /* Assets.xcassets in Resources */,
			);
			runOnlyForDeploymentPostprocessing = 0;
		};
/* End PBXResourcesBuildPhase section */

/* Begin PBXShellScriptBuildPhase section */
		2F18C405595191488F66FDFC /* [CP] Check Pods Manifest.lock */ = {
			isa = PBXShellScriptBuildPhase;
			buildActionMask = 2147483647;
			files = (
			);
			inputFileListPaths = (
			);
			inputPaths = (
				"${PODS_PODFILE_DIR_PATH}/Podfile.lock",
				"${PODS_ROOT}/Manifest.lock",
			);
			name = "[CP] Check Pods Manifest.lock";
			outputFileListPaths = (
			);
			outputPaths = (
				"$(DERIVED_FILE_DIR)/Pods-SteamFunClient-checkManifestLockResult.txt",
			);
			runOnlyForDeploymentPostprocessing = 0;
			shellPath = /bin/sh;
			shellScript = "diff \"${PODS_PODFILE_DIR_PATH}/Podfile.lock\" \"${PODS_ROOT}/Manifest.lock\" > /dev/null\nif [ $? != 0 ] ; then\n    # print error to STDERR\n    echo \"error: The sandbox is not in sync with the Podfile.lock. Run 'pod install' or update your CocoaPods installation.\" >&2\n    exit 1\nfi\n# This output is used by Xcode 'outputs' to avoid re-running this script phase.\necho \"SUCCESS\" > \"${SCRIPT_OUTPUT_FILE_0}\"\n";
			showEnvVarsInLog = 0;
		};
		AB91302611143638C05C2D74 /* [CP] Embed Pods Frameworks */ = {
			isa = PBXShellScriptBuildPhase;
			buildActionMask = 2147483647;
			files = (
			);
			inputFileListPaths = (
			);
			inputPaths = (
				"${SRCROOT}/Pods/Target Support Files/Pods-SteamFunClient/Pods-SteamFunClient-frameworks.sh",
				"${BUILT_PRODUCTS_DIR}/Alamofire/Alamofire.framework",
				"${BUILT_PRODUCTS_DIR}/Kingfisher/Kingfisher.framework",
				"${BUILT_PRODUCTS_DIR}/Realm/Realm.framework",
				"${BUILT_PRODUCTS_DIR}/RealmSwift/RealmSwift.framework",
				"${BUILT_PRODUCTS_DIR}/SnapKit/SnapKit.framework",
			);
			name = "[CP] Embed Pods Frameworks";
			outputFileListPaths = (
			);
			outputPaths = (
				"${TARGET_BUILD_DIR}/${FRAMEWORKS_FOLDER_PATH}/Alamofire.framework",
				"${TARGET_BUILD_DIR}/${FRAMEWORKS_FOLDER_PATH}/Kingfisher.framework",
				"${TARGET_BUILD_DIR}/${FRAMEWORKS_FOLDER_PATH}/Realm.framework",
				"${TARGET_BUILD_DIR}/${FRAMEWORKS_FOLDER_PATH}/RealmSwift.framework",
				"${TARGET_BUILD_DIR}/${FRAMEWORKS_FOLDER_PATH}/SnapKit.framework",
			);
			runOnlyForDeploymentPostprocessing = 0;
			shellPath = /bin/sh;
			shellScript = "\"${SRCROOT}/Pods/Target Support Files/Pods-SteamFunClient/Pods-SteamFunClient-frameworks.sh\"\n";
			showEnvVarsInLog = 0;
		};
/* End PBXShellScriptBuildPhase section */

/* Begin PBXSourcesBuildPhase section */
		F8152A5A238AC15C009F937F /* Sources */ = {
			isa = PBXSourcesBuildPhase;
			buildActionMask = 2147483647;
			files = (
				F85ED26C2397F66600FA6DFA /* Dota2MatchHistoryViewController.swift in Sources */,
				F847226D238DDCF700ECA269 /* TouchThroughView.swift in Sources */,
				F801AF6B238FF40A00C391D8 /* FriendsListCell.swift in Sources */,
				F8C23634239832B500C48301 /* Dota2MatchHistoryHeaderView.swift in Sources */,
				F8664033239403540087D4BA /* ExpandableNavbar.Config.swift in Sources */,
				F854F5BA238C29CA00E757C9 /* SnapKit+Extensions.swift in Sources */,
				F86CAE71239A500A00B2710E /* Dota2StatsViewController.swift in Sources */,
				F8492402238DCED900FCDE07 /* String+Plurals.swift in Sources */,
				F86FB9DB238C858B00A62E86 /* OwnedGame.Minutes+Format.swift in Sources */,
				F8C2363B2399273B00C48301 /* GameSchema.swift in Sources */,
				F8819E722399810F00FE2EEB /* GlobalAchievementPercentages.swift in Sources */,
				F85B24D823997B9300B20D7B /* GameAchievementsModuleBuilder.swift in Sources */,
				F854F5AD238C1E0D00E757C9 /* CustomNavbarScrollViewInsetsBehavior.swift in Sources */,
				F801AEEA238FC16100C391D8 /* Shadow.swift in Sources */,
				F866411E2397CA430087D4BA /* Dota2MatchHistoryPagedLoader.swift in Sources */,
				F8C23638239859E800C48301 /* UIColor+Extensions.swift in Sources */,
				F86CAE6B2399C78400B2710E /* GameAchievementCell.swift in Sources */,
				F8152AA9238AF833009F937F /* Result+Extensions.swift in Sources */,
				F866403A23943D6B0087D4BA /* Dota2Presenter.swift in Sources */,
				F881E86F238E80380076376D /* PlayerGameAchievements.swift in Sources */,
				F854F4A3238B236E00E757C9 /* Steam.Endpoint.swift in Sources */,
				F854F4AF238B2AC700E757C9 /* GamesTableViewController.swift in Sources */,
				F801AF0C238FD5FA00C391D8 /* GradientView.swift in Sources */,
				F8664035239404FB0087D4BA /* TabbarConfigurator.swift in Sources */,
				F803A5072391BD7B00784B88 /* Dota2Team.swift in Sources */,
				F8152AA0238AEC23009F937F /* Steam.swift in Sources */,
				F854F5AF238C1E6400E757C9 /* ExpandableNavbar.swift in Sources */,
				F8152AA7238AF518009F937F /* ProfileModuleBuilder.swift in Sources */,
				F8152A99238AD8B1009F937F /* Array+Extensions.swift in Sources */,
				F854F5B4238C274D00E757C9 /* ExpandableNavbarHeaderView.swift in Sources */,
				F86CAE77239A502500B2710E /* Dota2StatsModuleBuilder.swift in Sources */,
				F86F1795239AF1FE00E9579D /* HistogramColumnCell.swift in Sources */,
				F8152A9B238ADA6C009F937F /* SteamAuthModuleBuilder.swift in Sources */,
				F866403823943D460087D4BA /* Dota2ViewController.swift in Sources */,
				F86CAE692399C52400B2710E /* GameAchievementsHeaderView.swift in Sources */,
				F8152AA3238AF1B2009F937F /* SteamUser.swift in Sources */,
				F866403C23943D760087D4BA /* Dota2ModuleBuilder.swift in Sources */,
				F86FB9D3238C5CE700A62E86 /* OwnedGameCell.swift in Sources */,
				F86CAE75239A501B00B2710E /* Dota2StatsPresenter.swift in Sources */,
				F85ED270239801D200FA6DFA /* Dota2MatchCell.swift in Sources */,
				F8C23636239837CC00C48301 /* UIEdgeInsets+Initializers.swift in Sources */,
				F88F7FEE2393F5B5000F3E20 /* UIViewController+Extensions.swift in Sources */,
				F86FB9D9238C7F8400A62E86 /* Friend.swift in Sources */,
				F835B085238C3C36002460C4 /* UIColor+Initializers.swift in Sources */,
				F854F4B3238B308500E757C9 /* String+Extensions.swift in Sources */,
				F85B24D423997A5600B20D7B /* GameAchievementsViewController.swift in Sources */,
				F85ED26E239801A000FA6DFA /* ImageWithSubtextView.swift in Sources */,
				F8D17419238ED67800C47C87 /* ProfileDataLoader.swift in Sources */,
				F801AF14238FDFF800C391D8 /* ThemeDependent.swift in Sources */,
				F86641232397CDB20087D4BA /* RealmDota2Player.swift in Sources */,
				F8650F752391B4D40033818A /* PlayerMatchHistory.swift in Sources */,
				F801AEEF238FD0AB00C391D8 /* FriendsListViewController.swift in Sources */,
				F89C8DC2239AA5DE00FC0DE9 /* PlotTimestampAxisView.swift in Sources */,
				F86CAE7F239A6CDB00B2710E /* PlotPoint.swift in Sources */,
				F831C212238EE818004A284D /* TabbarViewController.swift in Sources */,
				F8152A62238AC15C009F937F /* AppDelegate.swift in Sources */,
				F86640AC2395A38E0087D4BA /* Dota2HeroResourceManager.swift in Sources */,
				F86641262397CDD10087D4BA /* RealmDota2MatchDetails.swift in Sources */,
				F88F7FEA2393E8B4000F3E20 /* RecentActivityModuleBuilder.swift in Sources */,
				F854F4A7238B23A400E757C9 /* Steam.SteamIDCaretaker.swift in Sources */,
				F8650F72239071860033818A /* Log.swift in Sources */,
				F854F5BE238C320900E757C9 /* ProfileNavbarContentView.swift in Sources */,
				F8152A77238AC197009F937F /* SteamAuthViewController.swift in Sources */,
				F8152A9E238AE7EE009F937F /* ProfileViewController.swift in Sources */,
				F85B24CD2399556A00B20D7B /* GameAchievement.swift in Sources */,
				F8650F772391B94F0033818A /* MatchDetails.swift in Sources */,
				F86F1797239AF21B00E9579D /* Histogram.swift in Sources */,
				F831C214238EEB65004A284D /* UIScrollView+Extensions.swift in Sources */,
				F801AF72239001CD00C391D8 /* FriendsModuleBuilder.swift in Sources */,
				F8152A79238AD459009F937F /* SteamAuthPresenter.swift in Sources */,
				F866412A2397CE380087D4BA /* Dota2UserMatches.swift in Sources */,
				F835B081238C3B81002460C4 /* UIColor+Palette.swift in Sources */,
				F8664044239441060087D4BA /* UIView+Initializers.swift in Sources */,
				F8D1741B238EDA9B00C47C87 /* ProfileViewInterface.swift in Sources */,
				F85ED2752398030700FA6DFA /* Dota2ViewInterface.swift in Sources */,
				F835B0A3238C4185002460C4 /* UILabel+Initializers.swift in Sources */,
				F801AF70238FFD2D00C391D8 /* FriendsPresenter.swift in Sources */,
				F86F1249239AD6AC00361553 /* Dota2StatsTopHeroesViewController.swift in Sources */,
				F85F9CF1239B12E6002E9902 /* InteractionDependableNavigationController.swift in Sources */,
				F801AF16238FE1DD00C391D8 /* FeatureColor.swift in Sources */,
				F854F4A5238B238F00E757C9 /* Steam+PublicMethods.swift in Sources */,
				F835B0A6238C4209002460C4 /* UIFont+Palette.swift in Sources */,
				F860F1582390268A00E9430B /* ArrowView.swift in Sources */,
				F801AF18238FEEDA00C391D8 /* Shadow+Palette.swift in Sources */,
				F854F5B2238C227B00E757C9 /* BlurView.swift in Sources */,
				F86CAE73239A501300B2710E /* Dota2StatsViewInterface.swift in Sources */,
				F835B0A9238C4434002460C4 /* ExpandableNavbar+HeaderContentViews.swift in Sources */,
				F89C8DC0239AA5B000FC0DE9 /* Plot.swift in Sources */,
				F86CAE6E239A4C0900B2710E /* ArrowedLabel.swift in Sources */,
				F86640A923958D1C0087D4BA /* Dota2Hero.swift in Sources */,
				F8664064239446B90087D4BA /* UnicodeStrings.swift in Sources */,
				F854F5AB238C1DE900E757C9 /* CustomNavbarSnappingBehavior.swift in Sources */,
				F854F5B8238C281200E757C9 /* UIApplication+Extensions.swift in Sources */,
				F84EA7822397E58900ACEFDC /* Dota2MatchesPersistentStorage.swift in Sources */,
				F86641202397CA5A0087D4BA /* Dota2MatchDetailsLoader.swift in Sources */,
				F866404223943F150087D4BA /* Dota2ShortStatsViewController.swift in Sources */,
				F8D1741D238EDE5E00C47C87 /* ThrobberViewController.swift in Sources */,
				F801AF6E238FFA5600C391D8 /* FriendsViewController.swift in Sources */,
				F88F7FE82393D07F000F3E20 /* RecentActivityViewInterface.swift in Sources */,
				F84923FF238DC5C200FCDE07 /* ProfileActionButton.swift in Sources */,
				F85F9CF4239B1CCC002E9902 /* RoundingFunctions.swift in Sources */,
				F854F4B1238B2F3600E757C9 /* Game.swift in Sources */,
				F8152AAB238B174B009F937F /* AppLauncher.swift in Sources */,
				F85B24CF2399791400B20D7B /* GameAchievementsPresenter.swift in Sources */,
				F88F7FE12393C098000F3E20 /* RecentActivityViewController.swift in Sources */,
				F801AF0F238FD65300C391D8 /* Gradient.swift in Sources */,
				F85F9CF6239BC740002E9902 /* CGPoint+Extensions.swift in Sources */,
				F85B24D2239979F400B20D7B /* GameAchievementsViewInterface.swift in Sources */,
				F86FB9D5238C6D2700A62E86 /* UIImageView+Initializers.swift in Sources */,
				F88F7FE52393CCE8000F3E20 /* RecentActivityPresenter.swift in Sources */,
				F85F9CFA239BDDD9002E9902 /* RoundedView.swift in Sources */,
				F86CAE7D239A6A5500B2710E /* PlotCanvas.swift in Sources */,
				F854F5B6238C27D700E757C9 /* ExpandableNavbar.ContentView.swift in Sources */,
				F867B08C239286F100BA9235 /* Dota2ProfileCell.swift in Sources */,
				F86640AE2395B2CA0087D4BA /* Dota2MatchesRequestManager.swift in Sources */,
				F88F7FEC2393EBCF000F3E20 /* RecentActivityGameCell.swift in Sources */,
				F8152AA5238AF505009F937F /* ProfilePresenter.swift in Sources */,
				F801AFAB23900BF700C391D8 /* FriendsViewInterface.swift in Sources */,
				F8664046239445090087D4BA /* Dota2ShortStatView.swift in Sources */,
				F86641282397CDE90087D4BA /* RealmDota2UserMatches.swift in Sources */,
				F801AEEC238FC24700C391D8 /* UIView+Shadow.swift in Sources */,
				F85F9CF8239BD808002E9902 /* PlotValueAxisView.swift in Sources */,
				F8152A97238AD790009F937F /* Monads.swift in Sources */,
				F86CAE81239A6CFA00B2710E /* PlotDataBuilder.swift in Sources */,
				F8C2363223981AEB00C48301 /* DebugConstants.swift in Sources */,
				F86FB9D7238C740200A62E86 /* OwnedGamesHeaderCell.swift in Sources */,
				F854F4AC238B273E00E757C9 /* Button.swift in Sources */,
			);
			runOnlyForDeploymentPostprocessing = 0;
		};
/* End PBXSourcesBuildPhase section */

/* Begin PBXVariantGroup section */
		F8152A6C238AC15D009F937F /* LaunchScreen.storyboard */ = {
			isa = PBXVariantGroup;
			children = (
				F8152A6D238AC15D009F937F /* Base */,
			);
			name = LaunchScreen.storyboard;
			sourceTree = "<group>";
		};
/* End PBXVariantGroup section */

/* Begin XCBuildConfiguration section */
		F8152A70238AC15E009F937F /* Debug */ = {
			isa = XCBuildConfiguration;
			buildSettings = {
				ALWAYS_SEARCH_USER_PATHS = NO;
				CLANG_ANALYZER_NONNULL = YES;
				CLANG_ANALYZER_NUMBER_OBJECT_CONVERSION = YES_AGGRESSIVE;
				CLANG_CXX_LANGUAGE_STANDARD = "gnu++14";
				CLANG_CXX_LIBRARY = "libc++";
				CLANG_ENABLE_MODULES = YES;
				CLANG_ENABLE_OBJC_ARC = YES;
				CLANG_ENABLE_OBJC_WEAK = YES;
				CLANG_WARN_BLOCK_CAPTURE_AUTORELEASING = YES;
				CLANG_WARN_BOOL_CONVERSION = YES;
				CLANG_WARN_COMMA = YES;
				CLANG_WARN_CONSTANT_CONVERSION = YES;
				CLANG_WARN_DEPRECATED_OBJC_IMPLEMENTATIONS = YES;
				CLANG_WARN_DIRECT_OBJC_ISA_USAGE = YES_ERROR;
				CLANG_WARN_DOCUMENTATION_COMMENTS = YES;
				CLANG_WARN_EMPTY_BODY = YES;
				CLANG_WARN_ENUM_CONVERSION = YES;
				CLANG_WARN_INFINITE_RECURSION = YES;
				CLANG_WARN_INT_CONVERSION = YES;
				CLANG_WARN_NON_LITERAL_NULL_CONVERSION = YES;
				CLANG_WARN_OBJC_IMPLICIT_RETAIN_SELF = YES;
				CLANG_WARN_OBJC_LITERAL_CONVERSION = YES;
				CLANG_WARN_OBJC_ROOT_CLASS = YES_ERROR;
				CLANG_WARN_RANGE_LOOP_ANALYSIS = YES;
				CLANG_WARN_STRICT_PROTOTYPES = YES;
				CLANG_WARN_SUSPICIOUS_MOVE = YES;
				CLANG_WARN_UNGUARDED_AVAILABILITY = YES_AGGRESSIVE;
				CLANG_WARN_UNREACHABLE_CODE = YES;
				CLANG_WARN__DUPLICATE_METHOD_MATCH = YES;
				COPY_PHASE_STRIP = NO;
				DEBUG_INFORMATION_FORMAT = dwarf;
				ENABLE_STRICT_OBJC_MSGSEND = YES;
				ENABLE_TESTABILITY = YES;
				GCC_C_LANGUAGE_STANDARD = gnu11;
				GCC_DYNAMIC_NO_PIC = NO;
				GCC_NO_COMMON_BLOCKS = YES;
				GCC_OPTIMIZATION_LEVEL = 0;
				GCC_PREPROCESSOR_DEFINITIONS = (
					"DEBUG=1",
					"$(inherited)",
				);
				GCC_WARN_64_TO_32_BIT_CONVERSION = YES;
				GCC_WARN_ABOUT_RETURN_TYPE = YES_ERROR;
				GCC_WARN_UNDECLARED_SELECTOR = YES;
				GCC_WARN_UNINITIALIZED_AUTOS = YES_AGGRESSIVE;
				GCC_WARN_UNUSED_FUNCTION = YES;
				GCC_WARN_UNUSED_VARIABLE = YES;
				IPHONEOS_DEPLOYMENT_TARGET = 10.0;
				MTL_ENABLE_DEBUG_INFO = INCLUDE_SOURCE;
				MTL_FAST_MATH = YES;
				ONLY_ACTIVE_ARCH = YES;
				SDKROOT = iphoneos;
				SWIFT_ACTIVE_COMPILATION_CONDITIONS = DEBUG;
				SWIFT_OPTIMIZATION_LEVEL = "-Onone";
			};
			name = Debug;
		};
		F8152A71238AC15E009F937F /* Release */ = {
			isa = XCBuildConfiguration;
			buildSettings = {
				ALWAYS_SEARCH_USER_PATHS = NO;
				CLANG_ANALYZER_NONNULL = YES;
				CLANG_ANALYZER_NUMBER_OBJECT_CONVERSION = YES_AGGRESSIVE;
				CLANG_CXX_LANGUAGE_STANDARD = "gnu++14";
				CLANG_CXX_LIBRARY = "libc++";
				CLANG_ENABLE_MODULES = YES;
				CLANG_ENABLE_OBJC_ARC = YES;
				CLANG_ENABLE_OBJC_WEAK = YES;
				CLANG_WARN_BLOCK_CAPTURE_AUTORELEASING = YES;
				CLANG_WARN_BOOL_CONVERSION = YES;
				CLANG_WARN_COMMA = YES;
				CLANG_WARN_CONSTANT_CONVERSION = YES;
				CLANG_WARN_DEPRECATED_OBJC_IMPLEMENTATIONS = YES;
				CLANG_WARN_DIRECT_OBJC_ISA_USAGE = YES_ERROR;
				CLANG_WARN_DOCUMENTATION_COMMENTS = YES;
				CLANG_WARN_EMPTY_BODY = YES;
				CLANG_WARN_ENUM_CONVERSION = YES;
				CLANG_WARN_INFINITE_RECURSION = YES;
				CLANG_WARN_INT_CONVERSION = YES;
				CLANG_WARN_NON_LITERAL_NULL_CONVERSION = YES;
				CLANG_WARN_OBJC_IMPLICIT_RETAIN_SELF = YES;
				CLANG_WARN_OBJC_LITERAL_CONVERSION = YES;
				CLANG_WARN_OBJC_ROOT_CLASS = YES_ERROR;
				CLANG_WARN_RANGE_LOOP_ANALYSIS = YES;
				CLANG_WARN_STRICT_PROTOTYPES = YES;
				CLANG_WARN_SUSPICIOUS_MOVE = YES;
				CLANG_WARN_UNGUARDED_AVAILABILITY = YES_AGGRESSIVE;
				CLANG_WARN_UNREACHABLE_CODE = YES;
				CLANG_WARN__DUPLICATE_METHOD_MATCH = YES;
				COPY_PHASE_STRIP = NO;
				DEBUG_INFORMATION_FORMAT = "dwarf-with-dsym";
				ENABLE_NS_ASSERTIONS = NO;
				ENABLE_STRICT_OBJC_MSGSEND = YES;
				GCC_C_LANGUAGE_STANDARD = gnu11;
				GCC_NO_COMMON_BLOCKS = YES;
				GCC_WARN_64_TO_32_BIT_CONVERSION = YES;
				GCC_WARN_ABOUT_RETURN_TYPE = YES_ERROR;
				GCC_WARN_UNDECLARED_SELECTOR = YES;
				GCC_WARN_UNINITIALIZED_AUTOS = YES_AGGRESSIVE;
				GCC_WARN_UNUSED_FUNCTION = YES;
				GCC_WARN_UNUSED_VARIABLE = YES;
				IPHONEOS_DEPLOYMENT_TARGET = 10.0;
				MTL_ENABLE_DEBUG_INFO = NO;
				MTL_FAST_MATH = YES;
				SDKROOT = iphoneos;
				SWIFT_COMPILATION_MODE = wholemodule;
				SWIFT_OPTIMIZATION_LEVEL = "-O";
				VALIDATE_PRODUCT = YES;
			};
			name = Release;
		};
		F8152A73238AC15E009F937F /* Debug */ = {
			isa = XCBuildConfiguration;
			baseConfigurationReference = 71EBB1AEDFB1B6208A619811 /* Pods-SteamFunClient.debug.xcconfig */;
			buildSettings = {
				ASSETCATALOG_COMPILER_APPICON_NAME = AppIcon;
				CODE_SIGN_STYLE = Automatic;
				DEVELOPMENT_TEAM = 6G4AKDTMLW;
				INFOPLIST_FILE = SteamFunClient/Info.plist;
				LD_RUNPATH_SEARCH_PATHS = (
					"$(inherited)",
					"@executable_path/Frameworks",
				);
				PRODUCT_BUNDLE_IDENTIFIER = plasmon.SteamFunClient;
				PRODUCT_NAME = "$(TARGET_NAME)";
				SWIFT_VERSION = 5.0;
				TARGETED_DEVICE_FAMILY = "1,2";
			};
			name = Debug;
		};
		F8152A74238AC15E009F937F /* Release */ = {
			isa = XCBuildConfiguration;
			baseConfigurationReference = E72D857A079DAE47304C28CE /* Pods-SteamFunClient.release.xcconfig */;
			buildSettings = {
				ASSETCATALOG_COMPILER_APPICON_NAME = AppIcon;
				CODE_SIGN_STYLE = Automatic;
				DEVELOPMENT_TEAM = 6G4AKDTMLW;
				INFOPLIST_FILE = SteamFunClient/Info.plist;
				LD_RUNPATH_SEARCH_PATHS = (
					"$(inherited)",
					"@executable_path/Frameworks",
				);
				PRODUCT_BUNDLE_IDENTIFIER = plasmon.SteamFunClient;
				PRODUCT_NAME = "$(TARGET_NAME)";
				SWIFT_VERSION = 5.0;
				TARGETED_DEVICE_FAMILY = "1,2";
			};
			name = Release;
		};
/* End XCBuildConfiguration section */

/* Begin XCConfigurationList section */
		F8152A59238AC15C009F937F /* Build configuration list for PBXProject "SteamFunClient" */ = {
			isa = XCConfigurationList;
			buildConfigurations = (
				F8152A70238AC15E009F937F /* Debug */,
				F8152A71238AC15E009F937F /* Release */,
			);
			defaultConfigurationIsVisible = 0;
			defaultConfigurationName = Release;
		};
		F8152A72238AC15E009F937F /* Build configuration list for PBXNativeTarget "SteamFunClient" */ = {
			isa = XCConfigurationList;
			buildConfigurations = (
				F8152A73238AC15E009F937F /* Debug */,
				F8152A74238AC15E009F937F /* Release */,
			);
			defaultConfigurationIsVisible = 0;
			defaultConfigurationName = Release;
		};
/* End XCConfigurationList section */
	};
	rootObject = F8152A56238AC15C009F937F /* Project object */;
}
